// !$*UTF8*$!
{
	archiveVersion = 1;
	classes = {
	};
	objectVersion = 56;
	objects = {

/* Begin PBXBuildFile section */
		0B019D782BC6BB8600E89BB4 /* AppDelegate.swift in Sources */ = {isa = PBXBuildFile; fileRef = 0B019D772BC6BB8600E89BB4 /* AppDelegate.swift */; };
		0B019D7A2BC6BB8600E89BB4 /* SceneDelegate.swift in Sources */ = {isa = PBXBuildFile; fileRef = 0B019D792BC6BB8600E89BB4 /* SceneDelegate.swift */; };
		0B019D812BC6BB8900E89BB4 /* Assets.xcassets in Resources */ = {isa = PBXBuildFile; fileRef = 0B019D802BC6BB8900E89BB4 /* Assets.xcassets */; };
		0B019D842BC6BB8900E89BB4 /* Base in Resources */ = {isa = PBXBuildFile; fileRef = 0B019D832BC6BB8900E89BB4 /* Base */; };
		0B019D932BC6BBB900E89BB4 /* Alamofire in Frameworks */ = {isa = PBXBuildFile; productRef = 0B019D922BC6BBB900E89BB4 /* Alamofire */; };
		0B019D962BC6BBC700E89BB4 /* Toast in Frameworks */ = {isa = PBXBuildFile; productRef = 0B019D952BC6BBC700E89BB4 /* Toast */; };
		0B019D992BC6BBCF00E89BB4 /* Kingfisher in Frameworks */ = {isa = PBXBuildFile; productRef = 0B019D982BC6BBCF00E89BB4 /* Kingfisher */; };
		0B019D9C2BC6BBE100E89BB4 /* RxCocoa in Frameworks */ = {isa = PBXBuildFile; productRef = 0B019D9B2BC6BBE100E89BB4 /* RxCocoa */; };
		0B019D9E2BC6BBE100E89BB4 /* RxSwift in Frameworks */ = {isa = PBXBuildFile; productRef = 0B019D9D2BC6BBE100E89BB4 /* RxSwift */; };
		0B019DA62BC6BC5100E89BB4 /* SnapKit in Frameworks */ = {isa = PBXBuildFile; productRef = 0B019DA52BC6BC5100E89BB4 /* SnapKit */; };
		0B019DAC2BC6BCBA00E89BB4 /* InputOutputViewModelProtocol.swift in Sources */ = {isa = PBXBuildFile; fileRef = 0B019DAB2BC6BCBA00E89BB4 /* InputOutputViewModelProtocol.swift */; };
		0B019DB72BC6CC0300E89BB4 /* APIKey.swift in Sources */ = {isa = PBXBuildFile; fileRef = 0B019DB12BC6CC0300E89BB4 /* APIKey.swift */; };
		0B019DB82BC6CC0300E89BB4 /* HTTPHeader.swift in Sources */ = {isa = PBXBuildFile; fileRef = 0B019DB22BC6CC0300E89BB4 /* HTTPHeader.swift */; };
		0B019DBA2BC6CC0300E89BB4 /* NetworkManager.swift in Sources */ = {isa = PBXBuildFile; fileRef = 0B019DB42BC6CC0300E89BB4 /* NetworkManager.swift */; };
		0B019DBD2BC6CC3300E89BB4 /* ReusableID.swift in Sources */ = {isa = PBXBuildFile; fileRef = 0B019DBC2BC6CC3300E89BB4 /* ReusableID.swift */; };
		0B019DBF2BC6CC5200E89BB4 /* .gitignore in Resources */ = {isa = PBXBuildFile; fileRef = 0B019DBE2BC6CC5200E89BB4 /* .gitignore */; };
		0B019DC22BC6CC9200E89BB4 /* APIKeyPublic.swift in Sources */ = {isa = PBXBuildFile; fileRef = 0B019DC12BC6CC9200E89BB4 /* APIKeyPublic.swift */; };
		0B019DC42BC6CCEA00E89BB4 /* DeleteBackButton+Extension.swift in Sources */ = {isa = PBXBuildFile; fileRef = 0B019DC32BC6CCEA00E89BB4 /* DeleteBackButton+Extension.swift */; };
		0B019DC62BC6CCED00E89BB4 /* UserDefaults+Extension.swift in Sources */ = {isa = PBXBuildFile; fileRef = 0B019DC52BC6CCED00E89BB4 /* UserDefaults+Extension.swift */; };
		0B019DC82BC6CD0000E89BB4 /* KeyChain+Extension.swift in Sources */ = {isa = PBXBuildFile; fileRef = 0B019DC72BC6CD0000E89BB4 /* KeyChain+Extension.swift */; };
		0B469D472BD3E72000691995 /* KingFisher+Extension.swift in Sources */ = {isa = PBXBuildFile; fileRef = 0B469D462BD3E72000691995 /* KingFisher+Extension.swift */; };
		0B469D4C2BD649E300691995 /* SkeletonView in Frameworks */ = {isa = PBXBuildFile; productRef = 0B469D4B2BD649E300691995 /* SkeletonView */; };
		0B469D522BD64CA200691995 /* DetailViewController.swift in Sources */ = {isa = PBXBuildFile; fileRef = 0B469D512BD64CA200691995 /* DetailViewController.swift */; };
		0B469D542BD64CB400691995 /* DetailView.swift in Sources */ = {isa = PBXBuildFile; fileRef = 0B469D532BD64CB400691995 /* DetailView.swift */; };
		0B469D572BD64CC000691995 /* DetailViewModel.swift in Sources */ = {isa = PBXBuildFile; fileRef = 0B469D562BD64CC000691995 /* DetailViewModel.swift */; };
		0B469D592BD6828100691995 /* BasePaddingLabel.swift in Sources */ = {isa = PBXBuildFile; fileRef = 0B469D582BD6828100691995 /* BasePaddingLabel.swift */; };
		0B469D722BD9F31300691995 /* TitleView.swift in Sources */ = {isa = PBXBuildFile; fileRef = 0B469D712BD9F31300691995 /* TitleView.swift */; };
		0B5B4DF12BCBBD4E00F0F8E4 /* SignUpLabelsView.swift in Sources */ = {isa = PBXBuildFile; fileRef = 0B5B4DF02BCBBD4E00F0F8E4 /* SignUpLabelsView.swift */; };
		0B5B4E0F2BCD4BA700F0F8E4 /* AccessTokenRefreshModel.swift in Sources */ = {isa = PBXBuildFile; fileRef = 0B5B4E0E2BCD4BA700F0F8E4 /* AccessTokenRefreshModel.swift */; };
		0B5B4E172BCD62B600F0F8E4 /* EventsViewController.swift in Sources */ = {isa = PBXBuildFile; fileRef = 0B5B4E162BCD62B600F0F8E4 /* EventsViewController.swift */; };
		0B5B4E192BCD62D200F0F8E4 /* EventsViewModel.swift in Sources */ = {isa = PBXBuildFile; fileRef = 0B5B4E182BCD62D200F0F8E4 /* EventsViewModel.swift */; };
		0B5B4E1B2BCD631300F0F8E4 /* EventsView.swift in Sources */ = {isa = PBXBuildFile; fileRef = 0B5B4E1A2BCD631300F0F8E4 /* EventsView.swift */; };
		0B5B4E4C2BCE610600F0F8E4 /* EventPostsResultModel.swift in Sources */ = {isa = PBXBuildFile; fileRef = 0B5B4E4B2BCE610600F0F8E4 /* EventPostsResultModel.swift */; };
		0B5B4E4E2BCE748B00F0F8E4 /* SignUpRequetModel.swift in Sources */ = {isa = PBXBuildFile; fileRef = 0B5B4E4D2BCE748B00F0F8E4 /* SignUpRequetModel.swift */; };
		0B5B4E502BCE799A00F0F8E4 /* SignUpResultModel.swift in Sources */ = {isa = PBXBuildFile; fileRef = 0B5B4E4F2BCE799A00F0F8E4 /* SignUpResultModel.swift */; };
		0B5B4E532BCEB76000F0F8E4 /* TabbarController.swift in Sources */ = {isa = PBXBuildFile; fileRef = 0B5B4E522BCEB76000F0F8E4 /* TabbarController.swift */; };
		0B5B4E592BCEBA9A00F0F8E4 /* InitialViewController.swift in Sources */ = {isa = PBXBuildFile; fileRef = 0B5B4E582BCEBA9A00F0F8E4 /* InitialViewController.swift */; };
		0B5B4E5B2BCEBAA200F0F8E4 /* InitialView.swift in Sources */ = {isa = PBXBuildFile; fileRef = 0B5B4E5A2BCEBAA200F0F8E4 /* InitialView.swift */; };
		0B5B4E5D2BCEBAC700F0F8E4 /* InitialViewModel.swift in Sources */ = {isa = PBXBuildFile; fileRef = 0B5B4E5C2BCEBAC700F0F8E4 /* InitialViewModel.swift */; };
		0B5B4E6B2BCFA7EB00F0F8E4 /* SettingView.swift in Sources */ = {isa = PBXBuildFile; fileRef = 0B5B4E6A2BCFA7EB00F0F8E4 /* SettingView.swift */; };
		0B5B4E7C2BD1675600F0F8E4 /* Differentiator in Frameworks */ = {isa = PBXBuildFile; productRef = 0B5B4E7B2BD1675600F0F8E4 /* Differentiator */; };
		0B5B4E7E2BD1675600F0F8E4 /* RxDataSources in Frameworks */ = {isa = PBXBuildFile; productRef = 0B5B4E7D2BD1675600F0F8E4 /* RxDataSources */; };
		0B5B4E812BD1F50F00F0F8E4 /* EventsPostsSectionModel.swift in Sources */ = {isa = PBXBuildFile; fileRef = 0B5B4E802BD1F50F00F0F8E4 /* EventsPostsSectionModel.swift */; };
		0B5B4EA02BD24FF000F0F8E4 /* EventsTableViewCell.swift in Sources */ = {isa = PBXBuildFile; fileRef = 0B5B4E9F2BD24FF000F0F8E4 /* EventsTableViewCell.swift */; };
		0B5B4EA22BD251D400F0F8E4 /* PartyPostsResultModel.swift in Sources */ = {isa = PBXBuildFile; fileRef = 0B5B4EA12BD251D400F0F8E4 /* PartyPostsResultModel.swift */; };
		0B5B4EA42BD258C300F0F8E4 /* PostsRequestModel.swift in Sources */ = {isa = PBXBuildFile; fileRef = 0B5B4EA32BD258C200F0F8E4 /* PostsRequestModel.swift */; };
		0B60E1562BDA52BD00779038 /* RxSwift+Extension.swift in Sources */ = {isa = PBXBuildFile; fileRef = 0B60E1552BDA52BD00779038 /* RxSwift+Extension.swift */; };
		0B60E1612BDB8B2C00779038 /* PartyTableViewCell.swift in Sources */ = {isa = PBXBuildFile; fileRef = 0B60E1602BDB8B2C00779038 /* PartyTableViewCell.swift */; };
		0B60E1972BDF64DE00779038 /* WebViewController.swift in Sources */ = {isa = PBXBuildFile; fileRef = 0B60E1962BDF64DE00779038 /* WebViewController.swift */; };
		0B60E19A2BDF652F00779038 /* WebView.swift in Sources */ = {isa = PBXBuildFile; fileRef = 0B60E1992BDF652F00779038 /* WebView.swift */; };
		0B60E19C2BDF6A2600779038 /* LikeRequestModel.swift in Sources */ = {isa = PBXBuildFile; fileRef = 0B60E19B2BDF6A2600779038 /* LikeRequestModel.swift */; };
		0B60E19E2BDF6C2B00779038 /* LikeResultModel.swift in Sources */ = {isa = PBXBuildFile; fileRef = 0B60E19D2BDF6C2B00779038 /* LikeResultModel.swift */; };
		0B60E1A42BDF7A1500779038 /* PartyDetailViewController.swift in Sources */ = {isa = PBXBuildFile; fileRef = 0B60E1A32BDF7A1500779038 /* PartyDetailViewController.swift */; };
		0B60E1A62BDF7A2E00779038 /* PartyDetailView.swift in Sources */ = {isa = PBXBuildFile; fileRef = 0B60E1A52BDF7A2E00779038 /* PartyDetailView.swift */; };
		0B60E1A82BDF7A4A00779038 /* PartyDetailViewModel.swift in Sources */ = {isa = PBXBuildFile; fileRef = 0B60E1A72BDF7A4A00779038 /* PartyDetailViewModel.swift */; };
		0B60E1AC2BDF830700779038 /* DetailHeaderView.swift in Sources */ = {isa = PBXBuildFile; fileRef = 0B60E1AB2BDF830700779038 /* DetailHeaderView.swift */; };
		0B60E1AE2BDF837A00779038 /* BaseTableHeaderView.swift in Sources */ = {isa = PBXBuildFile; fileRef = 0B60E1AD2BDF837A00779038 /* BaseTableHeaderView.swift */; };
		0B60E1B02BDF86BF00779038 /* DetailViewSectionModel.swift in Sources */ = {isa = PBXBuildFile; fileRef = 0B60E1AF2BDF86BF00779038 /* DetailViewSectionModel.swift */; };
		0B60E1B32BE067F600779038 /* Row.swift in Sources */ = {isa = PBXBuildFile; fileRef = 0B60E1B22BE067F600779038 /* Row.swift */; };
		0B60E1B52BE0683500779038 /* SectionModelProtocol.swift in Sources */ = {isa = PBXBuildFile; fileRef = 0B60E1B42BE0683500779038 /* SectionModelProtocol.swift */; };
		0B60E2042BE0A5D700779038 /* PartyEmptyTableViewCell.swift in Sources */ = {isa = PBXBuildFile; fileRef = 0B60E2032BE0A5D700779038 /* PartyEmptyTableViewCell.swift */; };
		0B60E2132BE11CCC00779038 /* Moya in Frameworks */ = {isa = PBXBuildFile; productRef = 0B60E2122BE11CCC00779038 /* Moya */; };
		0B60E2162BE11D7F00779038 /* AuthRouter.swift in Sources */ = {isa = PBXBuildFile; fileRef = 0B60E2152BE11D7F00779038 /* AuthRouter.swift */; };
		0B60E2182BE121C200779038 /* ReactiveMoya in Frameworks */ = {isa = PBXBuildFile; productRef = 0B60E2172BE121C200779038 /* ReactiveMoya */; };
		0B60E21A2BE121C200779038 /* RxMoya in Frameworks */ = {isa = PBXBuildFile; productRef = 0B60E2192BE121C200779038 /* RxMoya */; };
		0B60E2232BE26CF900779038 /* PartyPostAddViewController.swift in Sources */ = {isa = PBXBuildFile; fileRef = 0B60E2222BE26CF900779038 /* PartyPostAddViewController.swift */; };
		0B60E2252BE26D1900779038 /* PartyPostAddView.swift in Sources */ = {isa = PBXBuildFile; fileRef = 0B60E2242BE26D1900779038 /* PartyPostAddView.swift */; };
		0B60E2272BE26D3200779038 /* PartyPostAddViewModel.swift in Sources */ = {isa = PBXBuildFile; fileRef = 0B60E2262BE26D3200779038 /* PartyPostAddViewModel.swift */; };
		0BCFF0572BCA430500CDC6E5 /* SignUpBottomSheetViewController.swift in Sources */ = {isa = PBXBuildFile; fileRef = 0BCFF0562BCA430500CDC6E5 /* SignUpBottomSheetViewController.swift */; };
		0BCFF05D2BCA443A00CDC6E5 /* SignUpBottomSheetView.swift in Sources */ = {isa = PBXBuildFile; fileRef = 0BCFF05C2BCA443A00CDC6E5 /* SignUpBottomSheetView.swift */; };
		0BCFF05F2BCA446D00CDC6E5 /* SignUpBottomSheetViewModel.swift in Sources */ = {isa = PBXBuildFile; fileRef = 0BCFF05E2BCA446D00CDC6E5 /* SignUpBottomSheetViewModel.swift */; };
		0BCFF0612BCA455000CDC6E5 /* CheckBoxView.swift in Sources */ = {isa = PBXBuildFile; fileRef = 0BCFF0602BCA455000CDC6E5 /* CheckBoxView.swift */; };
		0BCFF0732BCAA62C00CDC6E5 /* SignUpViewCompleteViewController.swift in Sources */ = {isa = PBXBuildFile; fileRef = 0BCFF0722BCAA62C00CDC6E5 /* SignUpViewCompleteViewController.swift */; };
		0BCFF0752BCAA66600CDC6E5 /* SignUpViewCompleteViewModel.swift in Sources */ = {isa = PBXBuildFile; fileRef = 0BCFF0742BCAA66600CDC6E5 /* SignUpViewCompleteViewModel.swift */; };
		0BCFF0772BCAA68000CDC6E5 /* SignUpCompleteView.swift in Sources */ = {isa = PBXBuildFile; fileRef = 0BCFF0762BCAA68000CDC6E5 /* SignUpCompleteView.swift */; };
		0BCFF0792BCAA9CD00CDC6E5 /* AlamofireTargetType.swift in Sources */ = {isa = PBXBuildFile; fileRef = 0BCFF0782BCAA9CD00CDC6E5 /* AlamofireTargetType.swift */; };
		0BCFF07C2BCAAAA900CDC6E5 /* Router.swift in Sources */ = {isa = PBXBuildFile; fileRef = 0BCFF07B2BCAAAA900CDC6E5 /* Router.swift */; };
		0BCFF0812BCAAC9B00CDC6E5 /* LoginRequestModel.swift in Sources */ = {isa = PBXBuildFile; fileRef = 0BCFF0802BCAAC9B00CDC6E5 /* LoginRequestModel.swift */; };
		0BCFF0832BCAADE300CDC6E5 /* LoginResultModel.swift in Sources */ = {isa = PBXBuildFile; fileRef = 0BCFF0822BCAADE300CDC6E5 /* LoginResultModel.swift */; };
		0BDE9FDD2BC76EF100289075 /* CodeView.swift in Sources */ = {isa = PBXBuildFile; fileRef = 0BDE9FDC2BC76EF100289075 /* CodeView.swift */; };
		0BDE9FE22BC811D600289075 /* SignInViewController.swift in Sources */ = {isa = PBXBuildFile; fileRef = 0BDE9FE12BC811D600289075 /* SignInViewController.swift */; };
		0BDE9FE82BC8120E00289075 /* BaseCollectionViewCell.swift in Sources */ = {isa = PBXBuildFile; fileRef = 0BDE9FE32BC8120D00289075 /* BaseCollectionViewCell.swift */; };
		0BDE9FE92BC8120E00289075 /* BaseTableViewCell.swift in Sources */ = {isa = PBXBuildFile; fileRef = 0BDE9FE42BC8120D00289075 /* BaseTableViewCell.swift */; };
		0BDE9FEA2BC8120E00289075 /* BaseUIView.swift in Sources */ = {isa = PBXBuildFile; fileRef = 0BDE9FE52BC8120D00289075 /* BaseUIView.swift */; };
		0BDE9FEB2BC8120E00289075 /* BaseViewController.swift in Sources */ = {isa = PBXBuildFile; fileRef = 0BDE9FE62BC8120D00289075 /* BaseViewController.swift */; };
		0BDE9FED2BC8126D00289075 /* SignInView.swift in Sources */ = {isa = PBXBuildFile; fileRef = 0BDE9FEC2BC8126D00289075 /* SignInView.swift */; };
		0BDE9FEF2BC812AB00289075 /* SignInViewModel.swift in Sources */ = {isa = PBXBuildFile; fileRef = 0BDE9FEE2BC812AB00289075 /* SignInViewModel.swift */; };
		0BDE9FF42BC826AD00289075 /* SignUpViewController.swift in Sources */ = {isa = PBXBuildFile; fileRef = 0BDE9FF32BC826AD00289075 /* SignUpViewController.swift */; };
		0BDE9FF72BC826B900289075 /* SignUpView.swift in Sources */ = {isa = PBXBuildFile; fileRef = 0BDE9FF62BC826B900289075 /* SignUpView.swift */; };
		0BDE9FF92BC826C300289075 /* SignUpViewModel.swift in Sources */ = {isa = PBXBuildFile; fileRef = 0BDE9FF82BC826C300289075 /* SignUpViewModel.swift */; };
		0BDE9FFC2BC8279500289075 /* TextFieldEffects in Frameworks */ = {isa = PBXBuildFile; productRef = 0BDE9FFB2BC8279500289075 /* TextFieldEffects */; };
		0BDE9FFF2BC8298000289075 /* BaseTextField.swift in Sources */ = {isa = PBXBuildFile; fileRef = 0BDE9FFE2BC8298000289075 /* BaseTextField.swift */; };
		0BFED7DD2BE362E500970D8C /* PartyDetailViewStackCell.swift in Sources */ = {isa = PBXBuildFile; fileRef = 0BFED7DC2BE362E400970D8C /* PartyDetailViewStackCell.swift */; };
		0BFED7DF2BE3747800970D8C /* Alamofire+Interceptor+Extension.swift in Sources */ = {isa = PBXBuildFile; fileRef = 0BFED7DE2BE3747800970D8C /* Alamofire+Interceptor+Extension.swift */; };
		0BFED7E22BE37EBF00970D8C /* AuthRequestManager.swift in Sources */ = {isa = PBXBuildFile; fileRef = 0BFED7E12BE37EBF00970D8C /* AuthRequestManager.swift */; };
		0BFED7ED2BE45FCE00970D8C /* WithDrawResultModel.swift in Sources */ = {isa = PBXBuildFile; fileRef = 0BFED7EC2BE45FCE00970D8C /* WithDrawResultModel.swift */; };
		0BFED7FA2BE4B80100970D8C /* CustomTargetType.swift in Sources */ = {isa = PBXBuildFile; fileRef = 0BFED7F92BE4B80100970D8C /* CustomTargetType.swift */; };
		0BFED7FD2BE4D08400970D8C /* PostRouter.swift in Sources */ = {isa = PBXBuildFile; fileRef = 0BFED7FC2BE4D08400970D8C /* PostRouter.swift */; };
		0BFED8002BE4D4CE00970D8C /* Interceptor.swift in Sources */ = {isa = PBXBuildFile; fileRef = 0BFED7FF2BE4D4CE00970D8C /* Interceptor.swift */; };
		0BFED8022BE4D6B800970D8C /* PostRequestModel.swift in Sources */ = {isa = PBXBuildFile; fileRef = 0BFED8012BE4D6B800970D8C /* PostRequestModel.swift */; };
		0BFED8082BE5170500970D8C /* PartyJoinViewController.swift in Sources */ = {isa = PBXBuildFile; fileRef = 0BFED8072BE5170500970D8C /* PartyJoinViewController.swift */; };
		0BFED80A2BE5172500970D8C /* PartyJoinView.swift in Sources */ = {isa = PBXBuildFile; fileRef = 0BFED8092BE5172500970D8C /* PartyJoinView.swift */; };
		0BFED80C2BE5174000970D8C /* PartyJoinViewModel.swift in Sources */ = {isa = PBXBuildFile; fileRef = 0BFED80B2BE5174000970D8C /* PartyJoinViewModel.swift */; };
		0BFED80E2BE518D200970D8C /* UIViewController+Preview+Extension.swift in Sources */ = {isa = PBXBuildFile; fileRef = 0BFED80D2BE518D200970D8C /* UIViewController+Preview+Extension.swift */; };
		0BFED8102BE5BBA000970D8C /* Job.swift in Sources */ = {isa = PBXBuildFile; fileRef = 0BFED80F2BE5BBA000970D8C /* Job.swift */; };
		0BFED8142BE66F7A00970D8C /* ProfileSettingView.swift in Sources */ = {isa = PBXBuildFile; fileRef = 0BFED8132BE66F7A00970D8C /* ProfileSettingView.swift */; };
		0BFED81B2BE71CF800970D8C /* BaseStepperView.swift in Sources */ = {isa = PBXBuildFile; fileRef = 0BFED81A2BE71CF800970D8C /* BaseStepperView.swift */; };
		0BFED81D2BE75EF200970D8C /* BaseEndEditingViewController.swift in Sources */ = {isa = PBXBuildFile; fileRef = 0BFED81C2BE75EF200970D8C /* BaseEndEditingViewController.swift */; };
		0BFED8202BE760DA00970D8C /* BaseRequestManager.swift in Sources */ = {isa = PBXBuildFile; fileRef = 0BFED81F2BE760DA00970D8C /* BaseRequestManager.swift */; };
		0BFED8262BE7801300970D8C /* MoyaLogger.swift in Sources */ = {isa = PBXBuildFile; fileRef = 0BFED8252BE7801300970D8C /* MoyaLogger.swift */; };
		0BFED8292BE7927000970D8C /* IQKeyboardManagerSwift in Frameworks */ = {isa = PBXBuildFile; productRef = 0BFED8282BE7927000970D8C /* IQKeyboardManagerSwift */; };
		0BFED82D2BE79AC200970D8C /* MoyaCache.swift in Sources */ = {isa = PBXBuildFile; fileRef = 0BFED82C2BE79AC200970D8C /* MoyaCache.swift */; };
		0BFED82F2BE79C5700970D8C /* WritePostRequestModel.swift in Sources */ = {isa = PBXBuildFile; fileRef = 0BFED82E2BE79C5700970D8C /* WritePostRequestModel.swift */; };
		0BFED8312BE7A52F00970D8C /* DateFormatter+Extension.swift in Sources */ = {isa = PBXBuildFile; fileRef = 0BFED8302BE7A52F00970D8C /* DateFormatter+Extension.swift */; };
		0BFED8332BE7B09F00970D8C /* JoinRequestModel.swift in Sources */ = {isa = PBXBuildFile; fileRef = 0BFED8322BE7B09F00970D8C /* JoinRequestModel.swift */; };
		0BFED8352BE7B13F00970D8C /* WriteJoinResultModel.swift in Sources */ = {isa = PBXBuildFile; fileRef = 0BFED8342BE7B13F00970D8C /* WriteJoinResultModel.swift */; };
		0BFED83B2BE9136000970D8C /* PayRouter.swift in Sources */ = {isa = PBXBuildFile; fileRef = 0BFED83A2BE9136000970D8C /* PayRouter.swift */; };
		0BFED83D2BE913EF00970D8C /* PayValidationModel.swift in Sources */ = {isa = PBXBuildFile; fileRef = 0BFED83C2BE913EF00970D8C /* PayValidationModel.swift */; };
		0BFED83F2BE9145C00970D8C /* PayRequestModel.swift in Sources */ = {isa = PBXBuildFile; fileRef = 0BFED83E2BE9145C00970D8C /* PayRequestModel.swift */; };
		0BFED8422BE9161600970D8C /* iamport-ios in Frameworks */ = {isa = PBXBuildFile; productRef = 0BFED8412BE9161600970D8C /* iamport-ios */; };
		0BFED8472BE91C2600970D8C /* IamportPaymentView.swift in Sources */ = {isa = PBXBuildFile; fileRef = 0BFED8462BE91C2600970D8C /* IamportPaymentView.swift */; };
/* End PBXBuildFile section */

/* Begin PBXFileReference section */
		0B019D742BC6BB8600E89BB4 /* DevCommunity.app */ = {isa = PBXFileReference; explicitFileType = wrapper.application; includeInIndex = 0; path = DevCommunity.app; sourceTree = BUILT_PRODUCTS_DIR; };
		0B019D772BC6BB8600E89BB4 /* AppDelegate.swift */ = {isa = PBXFileReference; lastKnownFileType = sourcecode.swift; path = AppDelegate.swift; sourceTree = "<group>"; };
		0B019D792BC6BB8600E89BB4 /* SceneDelegate.swift */ = {isa = PBXFileReference; lastKnownFileType = sourcecode.swift; path = SceneDelegate.swift; sourceTree = "<group>"; };
		0B019D802BC6BB8900E89BB4 /* Assets.xcassets */ = {isa = PBXFileReference; lastKnownFileType = folder.assetcatalog; path = Assets.xcassets; sourceTree = "<group>"; };
		0B019D832BC6BB8900E89BB4 /* Base */ = {isa = PBXFileReference; lastKnownFileType = file.storyboard; name = Base; path = Base.lproj/LaunchScreen.storyboard; sourceTree = "<group>"; };
		0B019D852BC6BB8900E89BB4 /* Info.plist */ = {isa = PBXFileReference; lastKnownFileType = text.plist.xml; path = Info.plist; sourceTree = "<group>"; };
		0B019DAB2BC6BCBA00E89BB4 /* InputOutputViewModelProtocol.swift */ = {isa = PBXFileReference; lastKnownFileType = sourcecode.swift; path = InputOutputViewModelProtocol.swift; sourceTree = "<group>"; };
		0B019DB12BC6CC0300E89BB4 /* APIKey.swift */ = {isa = PBXFileReference; fileEncoding = 4; lastKnownFileType = sourcecode.swift; path = APIKey.swift; sourceTree = "<group>"; };
		0B019DB22BC6CC0300E89BB4 /* HTTPHeader.swift */ = {isa = PBXFileReference; fileEncoding = 4; lastKnownFileType = sourcecode.swift; path = HTTPHeader.swift; sourceTree = "<group>"; };
		0B019DB42BC6CC0300E89BB4 /* NetworkManager.swift */ = {isa = PBXFileReference; fileEncoding = 4; lastKnownFileType = sourcecode.swift; path = NetworkManager.swift; sourceTree = "<group>"; };
		0B019DBC2BC6CC3300E89BB4 /* ReusableID.swift */ = {isa = PBXFileReference; fileEncoding = 4; lastKnownFileType = sourcecode.swift; path = ReusableID.swift; sourceTree = "<group>"; };
		0B019DBE2BC6CC5200E89BB4 /* .gitignore */ = {isa = PBXFileReference; lastKnownFileType = text; path = .gitignore; sourceTree = "<group>"; };
		0B019DC12BC6CC9200E89BB4 /* APIKeyPublic.swift */ = {isa = PBXFileReference; lastKnownFileType = sourcecode.swift; path = APIKeyPublic.swift; sourceTree = "<group>"; };
		0B019DC32BC6CCEA00E89BB4 /* DeleteBackButton+Extension.swift */ = {isa = PBXFileReference; fileEncoding = 4; lastKnownFileType = sourcecode.swift; path = "DeleteBackButton+Extension.swift"; sourceTree = "<group>"; };
		0B019DC52BC6CCED00E89BB4 /* UserDefaults+Extension.swift */ = {isa = PBXFileReference; fileEncoding = 4; lastKnownFileType = sourcecode.swift; path = "UserDefaults+Extension.swift"; sourceTree = "<group>"; };
		0B019DC72BC6CD0000E89BB4 /* KeyChain+Extension.swift */ = {isa = PBXFileReference; lastKnownFileType = sourcecode.swift; path = "KeyChain+Extension.swift"; sourceTree = "<group>"; };
		0B469D462BD3E72000691995 /* KingFisher+Extension.swift */ = {isa = PBXFileReference; lastKnownFileType = sourcecode.swift; path = "KingFisher+Extension.swift"; sourceTree = "<group>"; };
		0B469D512BD64CA200691995 /* DetailViewController.swift */ = {isa = PBXFileReference; lastKnownFileType = sourcecode.swift; path = DetailViewController.swift; sourceTree = "<group>"; };
		0B469D532BD64CB400691995 /* DetailView.swift */ = {isa = PBXFileReference; lastKnownFileType = sourcecode.swift; path = DetailView.swift; sourceTree = "<group>"; };
		0B469D562BD64CC000691995 /* DetailViewModel.swift */ = {isa = PBXFileReference; lastKnownFileType = sourcecode.swift; path = DetailViewModel.swift; sourceTree = "<group>"; };
		0B469D582BD6828100691995 /* BasePaddingLabel.swift */ = {isa = PBXFileReference; lastKnownFileType = sourcecode.swift; path = BasePaddingLabel.swift; sourceTree = "<group>"; };
		0B469D712BD9F31300691995 /* TitleView.swift */ = {isa = PBXFileReference; lastKnownFileType = sourcecode.swift; path = TitleView.swift; sourceTree = "<group>"; };
		0B5B4DF02BCBBD4E00F0F8E4 /* SignUpLabelsView.swift */ = {isa = PBXFileReference; lastKnownFileType = sourcecode.swift; path = SignUpLabelsView.swift; sourceTree = "<group>"; };
		0B5B4E0E2BCD4BA700F0F8E4 /* AccessTokenRefreshModel.swift */ = {isa = PBXFileReference; lastKnownFileType = sourcecode.swift; path = AccessTokenRefreshModel.swift; sourceTree = "<group>"; };
		0B5B4E162BCD62B600F0F8E4 /* EventsViewController.swift */ = {isa = PBXFileReference; lastKnownFileType = sourcecode.swift; path = EventsViewController.swift; sourceTree = "<group>"; };
		0B5B4E182BCD62D200F0F8E4 /* EventsViewModel.swift */ = {isa = PBXFileReference; lastKnownFileType = sourcecode.swift; path = EventsViewModel.swift; sourceTree = "<group>"; };
		0B5B4E1A2BCD631300F0F8E4 /* EventsView.swift */ = {isa = PBXFileReference; lastKnownFileType = sourcecode.swift; path = EventsView.swift; sourceTree = "<group>"; };
		0B5B4E4B2BCE610600F0F8E4 /* EventPostsResultModel.swift */ = {isa = PBXFileReference; lastKnownFileType = sourcecode.swift; path = EventPostsResultModel.swift; sourceTree = "<group>"; };
		0B5B4E4D2BCE748B00F0F8E4 /* SignUpRequetModel.swift */ = {isa = PBXFileReference; lastKnownFileType = sourcecode.swift; path = SignUpRequetModel.swift; sourceTree = "<group>"; };
		0B5B4E4F2BCE799A00F0F8E4 /* SignUpResultModel.swift */ = {isa = PBXFileReference; lastKnownFileType = sourcecode.swift; path = SignUpResultModel.swift; sourceTree = "<group>"; };
		0B5B4E522BCEB76000F0F8E4 /* TabbarController.swift */ = {isa = PBXFileReference; lastKnownFileType = sourcecode.swift; path = TabbarController.swift; sourceTree = "<group>"; };
		0B5B4E582BCEBA9A00F0F8E4 /* InitialViewController.swift */ = {isa = PBXFileReference; lastKnownFileType = sourcecode.swift; path = InitialViewController.swift; sourceTree = "<group>"; };
		0B5B4E5A2BCEBAA200F0F8E4 /* InitialView.swift */ = {isa = PBXFileReference; lastKnownFileType = sourcecode.swift; path = InitialView.swift; sourceTree = "<group>"; };
		0B5B4E5C2BCEBAC700F0F8E4 /* InitialViewModel.swift */ = {isa = PBXFileReference; lastKnownFileType = sourcecode.swift; path = InitialViewModel.swift; sourceTree = "<group>"; };
		0B5B4E6A2BCFA7EB00F0F8E4 /* SettingView.swift */ = {isa = PBXFileReference; lastKnownFileType = sourcecode.swift; path = SettingView.swift; sourceTree = "<group>"; };
		0B5B4E802BD1F50F00F0F8E4 /* EventsPostsSectionModel.swift */ = {isa = PBXFileReference; lastKnownFileType = sourcecode.swift; path = EventsPostsSectionModel.swift; sourceTree = "<group>"; };
		0B5B4E9F2BD24FF000F0F8E4 /* EventsTableViewCell.swift */ = {isa = PBXFileReference; lastKnownFileType = sourcecode.swift; path = EventsTableViewCell.swift; sourceTree = "<group>"; };
		0B5B4EA12BD251D400F0F8E4 /* PartyPostsResultModel.swift */ = {isa = PBXFileReference; lastKnownFileType = sourcecode.swift; path = PartyPostsResultModel.swift; sourceTree = "<group>"; };
		0B5B4EA32BD258C200F0F8E4 /* PostsRequestModel.swift */ = {isa = PBXFileReference; lastKnownFileType = sourcecode.swift; path = PostsRequestModel.swift; sourceTree = "<group>"; };
		0B60E1552BDA52BD00779038 /* RxSwift+Extension.swift */ = {isa = PBXFileReference; lastKnownFileType = sourcecode.swift; path = "RxSwift+Extension.swift"; sourceTree = "<group>"; };
		0B60E1602BDB8B2C00779038 /* PartyTableViewCell.swift */ = {isa = PBXFileReference; lastKnownFileType = sourcecode.swift; path = PartyTableViewCell.swift; sourceTree = "<group>"; };
		0B60E1962BDF64DE00779038 /* WebViewController.swift */ = {isa = PBXFileReference; lastKnownFileType = sourcecode.swift; path = WebViewController.swift; sourceTree = "<group>"; };
		0B60E1992BDF652F00779038 /* WebView.swift */ = {isa = PBXFileReference; lastKnownFileType = sourcecode.swift; path = WebView.swift; sourceTree = "<group>"; };
		0B60E19B2BDF6A2600779038 /* LikeRequestModel.swift */ = {isa = PBXFileReference; lastKnownFileType = sourcecode.swift; path = LikeRequestModel.swift; sourceTree = "<group>"; };
		0B60E19D2BDF6C2B00779038 /* LikeResultModel.swift */ = {isa = PBXFileReference; lastKnownFileType = sourcecode.swift; path = LikeResultModel.swift; sourceTree = "<group>"; };
		0B60E1A32BDF7A1500779038 /* PartyDetailViewController.swift */ = {isa = PBXFileReference; lastKnownFileType = sourcecode.swift; path = PartyDetailViewController.swift; sourceTree = "<group>"; };
		0B60E1A52BDF7A2E00779038 /* PartyDetailView.swift */ = {isa = PBXFileReference; lastKnownFileType = sourcecode.swift; path = PartyDetailView.swift; sourceTree = "<group>"; };
		0B60E1A72BDF7A4A00779038 /* PartyDetailViewModel.swift */ = {isa = PBXFileReference; lastKnownFileType = sourcecode.swift; path = PartyDetailViewModel.swift; sourceTree = "<group>"; };
		0B60E1AB2BDF830700779038 /* DetailHeaderView.swift */ = {isa = PBXFileReference; lastKnownFileType = sourcecode.swift; path = DetailHeaderView.swift; sourceTree = "<group>"; };
		0B60E1AD2BDF837A00779038 /* BaseTableHeaderView.swift */ = {isa = PBXFileReference; lastKnownFileType = sourcecode.swift; path = BaseTableHeaderView.swift; sourceTree = "<group>"; };
		0B60E1AF2BDF86BF00779038 /* DetailViewSectionModel.swift */ = {isa = PBXFileReference; lastKnownFileType = sourcecode.swift; path = DetailViewSectionModel.swift; sourceTree = "<group>"; };
		0B60E1B22BE067F600779038 /* Row.swift */ = {isa = PBXFileReference; lastKnownFileType = sourcecode.swift; path = Row.swift; sourceTree = "<group>"; };
		0B60E1B42BE0683500779038 /* SectionModelProtocol.swift */ = {isa = PBXFileReference; lastKnownFileType = sourcecode.swift; path = SectionModelProtocol.swift; sourceTree = "<group>"; };
		0B60E2032BE0A5D700779038 /* PartyEmptyTableViewCell.swift */ = {isa = PBXFileReference; lastKnownFileType = sourcecode.swift; path = PartyEmptyTableViewCell.swift; sourceTree = "<group>"; };
		0B60E2152BE11D7F00779038 /* AuthRouter.swift */ = {isa = PBXFileReference; lastKnownFileType = sourcecode.swift; path = AuthRouter.swift; sourceTree = "<group>"; };
		0B60E2222BE26CF900779038 /* PartyPostAddViewController.swift */ = {isa = PBXFileReference; lastKnownFileType = sourcecode.swift; path = PartyPostAddViewController.swift; sourceTree = "<group>"; };
		0B60E2242BE26D1900779038 /* PartyPostAddView.swift */ = {isa = PBXFileReference; lastKnownFileType = sourcecode.swift; path = PartyPostAddView.swift; sourceTree = "<group>"; };
		0B60E2262BE26D3200779038 /* PartyPostAddViewModel.swift */ = {isa = PBXFileReference; lastKnownFileType = sourcecode.swift; path = PartyPostAddViewModel.swift; sourceTree = "<group>"; };
		0BCFF0562BCA430500CDC6E5 /* SignUpBottomSheetViewController.swift */ = {isa = PBXFileReference; lastKnownFileType = sourcecode.swift; path = SignUpBottomSheetViewController.swift; sourceTree = "<group>"; };
		0BCFF05C2BCA443A00CDC6E5 /* SignUpBottomSheetView.swift */ = {isa = PBXFileReference; lastKnownFileType = sourcecode.swift; path = SignUpBottomSheetView.swift; sourceTree = "<group>"; };
		0BCFF05E2BCA446D00CDC6E5 /* SignUpBottomSheetViewModel.swift */ = {isa = PBXFileReference; lastKnownFileType = sourcecode.swift; path = SignUpBottomSheetViewModel.swift; sourceTree = "<group>"; };
		0BCFF0602BCA455000CDC6E5 /* CheckBoxView.swift */ = {isa = PBXFileReference; lastKnownFileType = sourcecode.swift; path = CheckBoxView.swift; sourceTree = "<group>"; };
		0BCFF0722BCAA62C00CDC6E5 /* SignUpViewCompleteViewController.swift */ = {isa = PBXFileReference; lastKnownFileType = sourcecode.swift; path = SignUpViewCompleteViewController.swift; sourceTree = "<group>"; };
		0BCFF0742BCAA66600CDC6E5 /* SignUpViewCompleteViewModel.swift */ = {isa = PBXFileReference; lastKnownFileType = sourcecode.swift; path = SignUpViewCompleteViewModel.swift; sourceTree = "<group>"; };
		0BCFF0762BCAA68000CDC6E5 /* SignUpCompleteView.swift */ = {isa = PBXFileReference; lastKnownFileType = sourcecode.swift; path = SignUpCompleteView.swift; sourceTree = "<group>"; };
		0BCFF0782BCAA9CD00CDC6E5 /* AlamofireTargetType.swift */ = {isa = PBXFileReference; fileEncoding = 4; lastKnownFileType = sourcecode.swift; path = AlamofireTargetType.swift; sourceTree = "<group>"; };
		0BCFF07B2BCAAAA900CDC6E5 /* Router.swift */ = {isa = PBXFileReference; lastKnownFileType = sourcecode.swift; path = Router.swift; sourceTree = "<group>"; };
		0BCFF0802BCAAC9B00CDC6E5 /* LoginRequestModel.swift */ = {isa = PBXFileReference; lastKnownFileType = sourcecode.swift; path = LoginRequestModel.swift; sourceTree = "<group>"; };
		0BCFF0822BCAADE300CDC6E5 /* LoginResultModel.swift */ = {isa = PBXFileReference; lastKnownFileType = sourcecode.swift; path = LoginResultModel.swift; sourceTree = "<group>"; };
		0BDE9FDC2BC76EF100289075 /* CodeView.swift */ = {isa = PBXFileReference; lastKnownFileType = sourcecode.swift; path = CodeView.swift; sourceTree = "<group>"; };
		0BDE9FE12BC811D600289075 /* SignInViewController.swift */ = {isa = PBXFileReference; lastKnownFileType = sourcecode.swift; path = SignInViewController.swift; sourceTree = "<group>"; };
		0BDE9FE32BC8120D00289075 /* BaseCollectionViewCell.swift */ = {isa = PBXFileReference; fileEncoding = 4; lastKnownFileType = sourcecode.swift; path = BaseCollectionViewCell.swift; sourceTree = "<group>"; };
		0BDE9FE42BC8120D00289075 /* BaseTableViewCell.swift */ = {isa = PBXFileReference; fileEncoding = 4; lastKnownFileType = sourcecode.swift; path = BaseTableViewCell.swift; sourceTree = "<group>"; };
		0BDE9FE52BC8120D00289075 /* BaseUIView.swift */ = {isa = PBXFileReference; fileEncoding = 4; lastKnownFileType = sourcecode.swift; path = BaseUIView.swift; sourceTree = "<group>"; };
		0BDE9FE62BC8120D00289075 /* BaseViewController.swift */ = {isa = PBXFileReference; fileEncoding = 4; lastKnownFileType = sourcecode.swift; path = BaseViewController.swift; sourceTree = "<group>"; };
		0BDE9FEC2BC8126D00289075 /* SignInView.swift */ = {isa = PBXFileReference; lastKnownFileType = sourcecode.swift; path = SignInView.swift; sourceTree = "<group>"; };
		0BDE9FEE2BC812AB00289075 /* SignInViewModel.swift */ = {isa = PBXFileReference; lastKnownFileType = sourcecode.swift; path = SignInViewModel.swift; sourceTree = "<group>"; };
		0BDE9FF32BC826AD00289075 /* SignUpViewController.swift */ = {isa = PBXFileReference; lastKnownFileType = sourcecode.swift; path = SignUpViewController.swift; sourceTree = "<group>"; };
		0BDE9FF62BC826B900289075 /* SignUpView.swift */ = {isa = PBXFileReference; lastKnownFileType = sourcecode.swift; path = SignUpView.swift; sourceTree = "<group>"; };
		0BDE9FF82BC826C300289075 /* SignUpViewModel.swift */ = {isa = PBXFileReference; lastKnownFileType = sourcecode.swift; path = SignUpViewModel.swift; sourceTree = "<group>"; };
		0BDE9FFE2BC8298000289075 /* BaseTextField.swift */ = {isa = PBXFileReference; lastKnownFileType = sourcecode.swift; path = BaseTextField.swift; sourceTree = "<group>"; };
		0BFED7DC2BE362E400970D8C /* PartyDetailViewStackCell.swift */ = {isa = PBXFileReference; lastKnownFileType = sourcecode.swift; path = PartyDetailViewStackCell.swift; sourceTree = "<group>"; };
		0BFED7DE2BE3747800970D8C /* Alamofire+Interceptor+Extension.swift */ = {isa = PBXFileReference; lastKnownFileType = sourcecode.swift; path = "Alamofire+Interceptor+Extension.swift"; sourceTree = "<group>"; };
		0BFED7E12BE37EBF00970D8C /* AuthRequestManager.swift */ = {isa = PBXFileReference; lastKnownFileType = sourcecode.swift; path = AuthRequestManager.swift; sourceTree = "<group>"; };
		0BFED7EC2BE45FCE00970D8C /* WithDrawResultModel.swift */ = {isa = PBXFileReference; lastKnownFileType = sourcecode.swift; path = WithDrawResultModel.swift; sourceTree = "<group>"; };
		0BFED7F92BE4B80100970D8C /* CustomTargetType.swift */ = {isa = PBXFileReference; lastKnownFileType = sourcecode.swift; path = CustomTargetType.swift; sourceTree = "<group>"; };
		0BFED7FC2BE4D08400970D8C /* PostRouter.swift */ = {isa = PBXFileReference; lastKnownFileType = sourcecode.swift; path = PostRouter.swift; sourceTree = "<group>"; };
		0BFED7FF2BE4D4CE00970D8C /* Interceptor.swift */ = {isa = PBXFileReference; lastKnownFileType = sourcecode.swift; path = Interceptor.swift; sourceTree = "<group>"; };
		0BFED8012BE4D6B800970D8C /* PostRequestModel.swift */ = {isa = PBXFileReference; lastKnownFileType = sourcecode.swift; path = PostRequestModel.swift; sourceTree = "<group>"; };
		0BFED8072BE5170500970D8C /* PartyJoinViewController.swift */ = {isa = PBXFileReference; lastKnownFileType = sourcecode.swift; path = PartyJoinViewController.swift; sourceTree = "<group>"; };
		0BFED8092BE5172500970D8C /* PartyJoinView.swift */ = {isa = PBXFileReference; lastKnownFileType = sourcecode.swift; path = PartyJoinView.swift; sourceTree = "<group>"; };
		0BFED80B2BE5174000970D8C /* PartyJoinViewModel.swift */ = {isa = PBXFileReference; lastKnownFileType = sourcecode.swift; path = PartyJoinViewModel.swift; sourceTree = "<group>"; };
		0BFED80D2BE518D200970D8C /* UIViewController+Preview+Extension.swift */ = {isa = PBXFileReference; lastKnownFileType = sourcecode.swift; path = "UIViewController+Preview+Extension.swift"; sourceTree = "<group>"; };
		0BFED80F2BE5BBA000970D8C /* Job.swift */ = {isa = PBXFileReference; lastKnownFileType = sourcecode.swift; path = Job.swift; sourceTree = "<group>"; };
		0BFED8132BE66F7A00970D8C /* ProfileSettingView.swift */ = {isa = PBXFileReference; lastKnownFileType = sourcecode.swift; path = ProfileSettingView.swift; sourceTree = "<group>"; };
		0BFED81A2BE71CF800970D8C /* BaseStepperView.swift */ = {isa = PBXFileReference; lastKnownFileType = sourcecode.swift; path = BaseStepperView.swift; sourceTree = "<group>"; };
		0BFED81C2BE75EF200970D8C /* BaseEndEditingViewController.swift */ = {isa = PBXFileReference; lastKnownFileType = sourcecode.swift; path = BaseEndEditingViewController.swift; sourceTree = "<group>"; };
		0BFED81F2BE760DA00970D8C /* BaseRequestManager.swift */ = {isa = PBXFileReference; lastKnownFileType = sourcecode.swift; path = BaseRequestManager.swift; sourceTree = "<group>"; };
		0BFED8252BE7801300970D8C /* MoyaLogger.swift */ = {isa = PBXFileReference; lastKnownFileType = sourcecode.swift; path = MoyaLogger.swift; sourceTree = "<group>"; };
		0BFED82C2BE79AC200970D8C /* MoyaCache.swift */ = {isa = PBXFileReference; lastKnownFileType = sourcecode.swift; path = MoyaCache.swift; sourceTree = "<group>"; };
		0BFED82E2BE79C5700970D8C /* WritePostRequestModel.swift */ = {isa = PBXFileReference; lastKnownFileType = sourcecode.swift; path = WritePostRequestModel.swift; sourceTree = "<group>"; };
		0BFED8302BE7A52F00970D8C /* DateFormatter+Extension.swift */ = {isa = PBXFileReference; lastKnownFileType = sourcecode.swift; path = "DateFormatter+Extension.swift"; sourceTree = "<group>"; };
		0BFED8322BE7B09F00970D8C /* JoinRequestModel.swift */ = {isa = PBXFileReference; lastKnownFileType = sourcecode.swift; path = JoinRequestModel.swift; sourceTree = "<group>"; };
		0BFED8342BE7B13F00970D8C /* WriteJoinResultModel.swift */ = {isa = PBXFileReference; lastKnownFileType = sourcecode.swift; path = WriteJoinResultModel.swift; sourceTree = "<group>"; };
		0BFED83A2BE9136000970D8C /* PayRouter.swift */ = {isa = PBXFileReference; lastKnownFileType = sourcecode.swift; path = PayRouter.swift; sourceTree = "<group>"; };
		0BFED83C2BE913EF00970D8C /* PayValidationModel.swift */ = {isa = PBXFileReference; lastKnownFileType = sourcecode.swift; path = PayValidationModel.swift; sourceTree = "<group>"; };
		0BFED83E2BE9145C00970D8C /* PayRequestModel.swift */ = {isa = PBXFileReference; lastKnownFileType = sourcecode.swift; path = PayRequestModel.swift; sourceTree = "<group>"; };
		0BFED8462BE91C2600970D8C /* IamportPaymentView.swift */ = {isa = PBXFileReference; lastKnownFileType = sourcecode.swift; path = IamportPaymentView.swift; sourceTree = "<group>"; };
/* End PBXFileReference section */

/* Begin PBXFrameworksBuildPhase section */
		0B019D712BC6BB8600E89BB4 /* Frameworks */ = {
			isa = PBXFrameworksBuildPhase;
			buildActionMask = 2147483647;
			files = (
				0BFED8422BE9161600970D8C /* iamport-ios in Frameworks */,
				0B60E21A2BE121C200779038 /* RxMoya in Frameworks */,
				0B019D9C2BC6BBE100E89BB4 /* RxCocoa in Frameworks */,
				0B5B4E7E2BD1675600F0F8E4 /* RxDataSources in Frameworks */,
				0B019D962BC6BBC700E89BB4 /* Toast in Frameworks */,
				0B019D932BC6BBB900E89BB4 /* Alamofire in Frameworks */,
				0B5B4E7C2BD1675600F0F8E4 /* Differentiator in Frameworks */,
				0B60E2182BE121C200779038 /* ReactiveMoya in Frameworks */,
				0BFED8292BE7927000970D8C /* IQKeyboardManagerSwift in Frameworks */,
				0B469D4C2BD649E300691995 /* SkeletonView in Frameworks */,
				0B019D992BC6BBCF00E89BB4 /* Kingfisher in Frameworks */,
				0BDE9FFC2BC8279500289075 /* TextFieldEffects in Frameworks */,
				0B019D9E2BC6BBE100E89BB4 /* RxSwift in Frameworks */,
				0B60E2132BE11CCC00779038 /* Moya in Frameworks */,
				0B019DA62BC6BC5100E89BB4 /* SnapKit in Frameworks */,
			);
			runOnlyForDeploymentPostprocessing = 0;
		};
/* End PBXFrameworksBuildPhase section */

/* Begin PBXGroup section */
		0B019D6B2BC6BB8600E89BB4 = {
			isa = PBXGroup;
			children = (
				0B019DBE2BC6CC5200E89BB4 /* .gitignore */,
				0B019D762BC6BB8600E89BB4 /* WhyIsn'tWorking */,
				0B019D752BC6BB8600E89BB4 /* Products */,
			);
			sourceTree = "<group>";
		};
		0B019D752BC6BB8600E89BB4 /* Products */ = {
			isa = PBXGroup;
			children = (
				0B019D742BC6BB8600E89BB4 /* DevCommunity.app */,
			);
			name = Products;
			sourceTree = "<group>";
		};
		0B019D762BC6BB8600E89BB4 /* WhyIsn'tWorking */ = {
			isa = PBXGroup;
			children = (
				0B60E1B12BE067ED00779038 /* Enum */,
				0BCFF07D2BCAAC8900CDC6E5 /* Model */,
				0BDE9FFD2BC8296300289075 /* View */,
				0B019DAA2BC6BCA900E89BB4 /* Extension */,
				0B019DA92BC6BCA500E89BB4 /* Protocol */,
				0B019DA82BC6BCA100E89BB4 /* Service */,
				0B019DA72BC6BC9E00E89BB4 /* Scene */,
				0B019D772BC6BB8600E89BB4 /* AppDelegate.swift */,
				0B019D792BC6BB8600E89BB4 /* SceneDelegate.swift */,
				0B019D802BC6BB8900E89BB4 /* Assets.xcassets */,
				0B019D822BC6BB8900E89BB4 /* LaunchScreen.storyboard */,
				0B019D852BC6BB8900E89BB4 /* Info.plist */,
			);
			name = "WhyIsn'tWorking";
			path = DevCommunity;
			sourceTree = "<group>";
		};
		0B019DA72BC6BC9E00E89BB4 /* Scene */ = {
			isa = PBXGroup;
			children = (
				0BFED8452BE91C1900970D8C /* IamportPaymentViewScene */,
				0BFED8112BE66F6100970D8C /* ProfileSettingView */,
				0BFED8032BE516D900970D8C /* PartyJoinView */,
				0B60E21E2BE26CD600779038 /* PartyPostAddScene */,
				0B60E19F2BDF79F400779038 /* PartyDetailScene */,
				0B60E1942BDF64CE00779038 /* WebScene */,
				0B469D4D2BD64C8300691995 /* DetailScene */,
				0B5B4E622BCFA70F00F0F8E4 /* SettingScene */,
				0B5B4E122BCD629D00F0F8E4 /* EventsScene */,
				0B5B4E542BCEBA5A00F0F8E4 /* InitialScene */,
				0B5B4E512BCEB75100F0F8E4 /* TabbarScene */,
				0BCFF06E2BCAA5FD00CDC6E5 /* SignUpCompleteScene */,
				0BCFF0552BCA42F500CDC6E5 /* SignUpBottomSheet */,
				0BDE9FE72BC8120D00289075 /* Base */,
				0B019DAF2BC6BD0800E89BB4 /* SignUpScene */,
				0B019DAE2BC6BCEB00E89BB4 /* SignInScene */,
			);
			path = Scene;
			sourceTree = "<group>";
		};
		0B019DA82BC6BCA100E89BB4 /* Service */ = {
			isa = PBXGroup;
			children = (
				0BFED7EE2BE477C900970D8C /* APIKey */,
				0B60E20F2BE116FD00779038 /* NewNetwork */,
				0B019DB62BC6CC0300E89BB4 /* Network */,
			);
			path = Service;
			sourceTree = "<group>";
		};
		0B019DA92BC6BCA500E89BB4 /* Protocol */ = {
			isa = PBXGroup;
			children = (
				0BCFF0782BCAA9CD00CDC6E5 /* AlamofireTargetType.swift */,
				0B019DAB2BC6BCBA00E89BB4 /* InputOutputViewModelProtocol.swift */,
				0BFED7F92BE4B80100970D8C /* CustomTargetType.swift */,
				0B019DBC2BC6CC3300E89BB4 /* ReusableID.swift */,
				0B60E1B42BE0683500779038 /* SectionModelProtocol.swift */,
			);
			path = Protocol;
			sourceTree = "<group>";
		};
		0B019DAA2BC6BCA900E89BB4 /* Extension */ = {
			isa = PBXGroup;
			children = (
				0B019DC52BC6CCED00E89BB4 /* UserDefaults+Extension.swift */,
				0B019DC32BC6CCEA00E89BB4 /* DeleteBackButton+Extension.swift */,
				0B019DC72BC6CD0000E89BB4 /* KeyChain+Extension.swift */,
				0B469D462BD3E72000691995 /* KingFisher+Extension.swift */,
				0B60E1552BDA52BD00779038 /* RxSwift+Extension.swift */,
				0BFED7DE2BE3747800970D8C /* Alamofire+Interceptor+Extension.swift */,
				0BFED80D2BE518D200970D8C /* UIViewController+Preview+Extension.swift */,
				0BFED8302BE7A52F00970D8C /* DateFormatter+Extension.swift */,
			);
			path = Extension;
			sourceTree = "<group>";
		};
		0B019DAE2BC6BCEB00E89BB4 /* SignInScene */ = {
			isa = PBXGroup;
			children = (
				0BDE9FE02BC811C600289075 /* ViewModel */,
				0BDE9FDF2BC811C200289075 /* ViewController */,
				0BDE9FDE2BC811BB00289075 /* View */,
			);
			path = SignInScene;
			sourceTree = "<group>";
		};
		0B019DAF2BC6BD0800E89BB4 /* SignUpScene */ = {
			isa = PBXGroup;
			children = (
				0BDE9FF22BC826A100289075 /* ViewModel */,
				0BDE9FF12BC8269C00289075 /* ViewController */,
				0BDE9FF02BC8269900289075 /* View */,
			);
			path = SignUpScene;
			sourceTree = "<group>";
		};
		0B019DB62BC6CC0300E89BB4 /* Network */ = {
			isa = PBXGroup;
			children = (
				0BCFF07A2BCAAAA200CDC6E5 /* Router */,
				0B019DB42BC6CC0300E89BB4 /* NetworkManager.swift */,
			);
			path = Network;
			sourceTree = "<group>";
		};
		0B469D4D2BD64C8300691995 /* DetailScene */ = {
			isa = PBXGroup;
			children = (
				0B60E15F2BDB8B2200779038 /* Cell */,
				0B469D502BD64C9200691995 /* ViewModel */,
				0B469D4F2BD64C8D00691995 /* ViewController */,
				0B469D4E2BD64C8A00691995 /* View */,
			);
			path = DetailScene;
			sourceTree = "<group>";
		};
		0B469D4E2BD64C8A00691995 /* View */ = {
			isa = PBXGroup;
			children = (
				0B469D532BD64CB400691995 /* DetailView.swift */,
			);
			path = View;
			sourceTree = "<group>";
		};
		0B469D4F2BD64C8D00691995 /* ViewController */ = {
			isa = PBXGroup;
			children = (
				0B469D512BD64CA200691995 /* DetailViewController.swift */,
			);
			path = ViewController;
			sourceTree = "<group>";
		};
		0B469D502BD64C9200691995 /* ViewModel */ = {
			isa = PBXGroup;
			children = (
				0B469D562BD64CC000691995 /* DetailViewModel.swift */,
			);
			path = ViewModel;
			sourceTree = "<group>";
		};
		0B469D6F2BD88C5C00691995 /* BasePaddingLabel */ = {
			isa = PBXGroup;
			children = (
				0B469D582BD6828100691995 /* BasePaddingLabel.swift */,
			);
			path = BasePaddingLabel;
			sourceTree = "<group>";
		};
		0B469D702BD9F30800691995 /* TitleView */ = {
			isa = PBXGroup;
			children = (
				0B469D712BD9F31300691995 /* TitleView.swift */,
			);
			path = TitleView;
			sourceTree = "<group>";
		};
		0B5B4DEF2BCBBD3E00F0F8E4 /* SignUpLabelsView */ = {
			isa = PBXGroup;
			children = (
				0B5B4DF02BCBBD4E00F0F8E4 /* SignUpLabelsView.swift */,
			);
			path = SignUpLabelsView;
			sourceTree = "<group>";
		};
		0B5B4E122BCD629D00F0F8E4 /* EventsScene */ = {
			isa = PBXGroup;
			children = (
				0B5B4E9E2BD24B1400F0F8E4 /* Cell */,
				0B5B4E152BCD62AE00F0F8E4 /* ViewModel */,
				0B5B4E142BCD62A400F0F8E4 /* ViewController */,
				0B5B4E132BCD62A200F0F8E4 /* View */,
			);
			path = EventsScene;
			sourceTree = "<group>";
		};
		0B5B4E132BCD62A200F0F8E4 /* View */ = {
			isa = PBXGroup;
			children = (
				0B5B4E1A2BCD631300F0F8E4 /* EventsView.swift */,
			);
			path = View;
			sourceTree = "<group>";
		};
		0B5B4E142BCD62A400F0F8E4 /* ViewController */ = {
			isa = PBXGroup;
			children = (
				0B5B4E162BCD62B600F0F8E4 /* EventsViewController.swift */,
			);
			path = ViewController;
			sourceTree = "<group>";
		};
		0B5B4E152BCD62AE00F0F8E4 /* ViewModel */ = {
			isa = PBXGroup;
			children = (
				0B5B4E182BCD62D200F0F8E4 /* EventsViewModel.swift */,
			);
			path = ViewModel;
			sourceTree = "<group>";
		};
		0B5B4E512BCEB75100F0F8E4 /* TabbarScene */ = {
			isa = PBXGroup;
			children = (
				0B5B4E522BCEB76000F0F8E4 /* TabbarController.swift */,
			);
			path = TabbarScene;
			sourceTree = "<group>";
		};
		0B5B4E542BCEBA5A00F0F8E4 /* InitialScene */ = {
			isa = PBXGroup;
			children = (
				0B5B4E572BCEBA8E00F0F8E4 /* ViewModel */,
				0B5B4E562BCEBA8900F0F8E4 /* ViewController */,
				0B5B4E552BCEBA8700F0F8E4 /* View */,
			);
			path = InitialScene;
			sourceTree = "<group>";
		};
		0B5B4E552BCEBA8700F0F8E4 /* View */ = {
			isa = PBXGroup;
			children = (
				0B5B4E5A2BCEBAA200F0F8E4 /* InitialView.swift */,
			);
			path = View;
			sourceTree = "<group>";
		};
		0B5B4E562BCEBA8900F0F8E4 /* ViewController */ = {
			isa = PBXGroup;
			children = (
				0B5B4E582BCEBA9A00F0F8E4 /* InitialViewController.swift */,
			);
			path = ViewController;
			sourceTree = "<group>";
		};
		0B5B4E572BCEBA8E00F0F8E4 /* ViewModel */ = {
			isa = PBXGroup;
			children = (
				0B5B4E5C2BCEBAC700F0F8E4 /* InitialViewModel.swift */,
			);
			path = ViewModel;
			sourceTree = "<group>";
		};
		0B5B4E622BCFA70F00F0F8E4 /* SettingScene */ = {
			isa = PBXGroup;
			children = (
				0B5B4E632BCFA71500F0F8E4 /* View */,
			);
			path = SettingScene;
			sourceTree = "<group>";
		};
		0B5B4E632BCFA71500F0F8E4 /* View */ = {
			isa = PBXGroup;
			children = (
				0B5B4E6A2BCFA7EB00F0F8E4 /* SettingView.swift */,
			);
			path = View;
			sourceTree = "<group>";
		};
		0B5B4E7F2BD1F4FC00F0F8E4 /* SectionModel */ = {
			isa = PBXGroup;
			children = (
				0B5B4E802BD1F50F00F0F8E4 /* EventsPostsSectionModel.swift */,
				0B60E1AF2BDF86BF00779038 /* DetailViewSectionModel.swift */,
			);
			path = SectionModel;
			sourceTree = "<group>";
		};
		0B5B4E9E2BD24B1400F0F8E4 /* Cell */ = {
			isa = PBXGroup;
			children = (
				0B5B4E9F2BD24FF000F0F8E4 /* EventsTableViewCell.swift */,
			);
			path = Cell;
			sourceTree = "<group>";
		};
		0B60E15F2BDB8B2200779038 /* Cell */ = {
			isa = PBXGroup;
			children = (
				0B60E1602BDB8B2C00779038 /* PartyTableViewCell.swift */,
				0B60E1AB2BDF830700779038 /* DetailHeaderView.swift */,
				0B60E2032BE0A5D700779038 /* PartyEmptyTableViewCell.swift */,
			);
			path = Cell;
			sourceTree = "<group>";
		};
		0B60E1942BDF64CE00779038 /* WebScene */ = {
			isa = PBXGroup;
			children = (
				0B60E1982BDF652900779038 /* View */,
				0B60E1952BDF64D300779038 /* ViewController */,
			);
			path = WebScene;
			sourceTree = "<group>";
		};
		0B60E1952BDF64D300779038 /* ViewController */ = {
			isa = PBXGroup;
			children = (
				0B60E1962BDF64DE00779038 /* WebViewController.swift */,
			);
			path = ViewController;
			sourceTree = "<group>";
		};
		0B60E1982BDF652900779038 /* View */ = {
			isa = PBXGroup;
			children = (
				0B60E1992BDF652F00779038 /* WebView.swift */,
			);
			path = View;
			sourceTree = "<group>";
		};
		0B60E19F2BDF79F400779038 /* PartyDetailScene */ = {
			isa = PBXGroup;
			children = (
				0BFED7DB2BE362CD00970D8C /* Cell */,
				0B60E1A22BDF7A0500779038 /* ViewModel */,
				0B60E1A12BDF79FF00779038 /* ViewController */,
				0B60E1A02BDF79FD00779038 /* View */,
			);
			path = PartyDetailScene;
			sourceTree = "<group>";
		};
		0B60E1A02BDF79FD00779038 /* View */ = {
			isa = PBXGroup;
			children = (
				0B60E1A52BDF7A2E00779038 /* PartyDetailView.swift */,
			);
			path = View;
			sourceTree = "<group>";
		};
		0B60E1A12BDF79FF00779038 /* ViewController */ = {
			isa = PBXGroup;
			children = (
				0B60E1A32BDF7A1500779038 /* PartyDetailViewController.swift */,
			);
			path = ViewController;
			sourceTree = "<group>";
		};
		0B60E1A22BDF7A0500779038 /* ViewModel */ = {
			isa = PBXGroup;
			children = (
				0B60E1A72BDF7A4A00779038 /* PartyDetailViewModel.swift */,
			);
			path = ViewModel;
			sourceTree = "<group>";
		};
		0B60E1B12BE067ED00779038 /* Enum */ = {
			isa = PBXGroup;
			children = (
				0B60E1B22BE067F600779038 /* Row.swift */,
				0BFED80F2BE5BBA000970D8C /* Job.swift */,
			);
			path = Enum;
			sourceTree = "<group>";
		};
		0B60E20F2BE116FD00779038 /* NewNetwork */ = {
			isa = PBXGroup;
			children = (
				0BFED8392BE9134F00970D8C /* Pay */,
				0BFED82A2BE79AAC00970D8C /* Plugin */,
				0BFED81E2BE760C900970D8C /* Base */,
				0BFED7FB2BE4D07200970D8C /* Post */,
				0B60E2102BE1170900779038 /* Auth */,
			);
			path = NewNetwork;
			sourceTree = "<group>";
		};
		0B60E2102BE1170900779038 /* Auth */ = {
			isa = PBXGroup;
			children = (
				0B60E2152BE11D7F00779038 /* AuthRouter.swift */,
				0BFED7E12BE37EBF00970D8C /* AuthRequestManager.swift */,
			);
			path = Auth;
			sourceTree = "<group>";
		};
		0B60E21E2BE26CD600779038 /* PartyPostAddScene */ = {
			isa = PBXGroup;
			children = (
				0B60E2212BE26CE800779038 /* ViewModel */,
				0B60E2202BE26CE400779038 /* ViewController */,
				0B60E21F2BE26CDE00779038 /* View */,
			);
			path = PartyPostAddScene;
			sourceTree = "<group>";
		};
		0B60E21F2BE26CDE00779038 /* View */ = {
			isa = PBXGroup;
			children = (
				0B60E2242BE26D1900779038 /* PartyPostAddView.swift */,
			);
			path = View;
			sourceTree = "<group>";
		};
		0B60E2202BE26CE400779038 /* ViewController */ = {
			isa = PBXGroup;
			children = (
				0B60E2222BE26CF900779038 /* PartyPostAddViewController.swift */,
			);
			path = ViewController;
			sourceTree = "<group>";
		};
		0B60E2212BE26CE800779038 /* ViewModel */ = {
			isa = PBXGroup;
			children = (
				0B60E2262BE26D3200779038 /* PartyPostAddViewModel.swift */,
			);
			path = ViewModel;
			sourceTree = "<group>";
		};
		0BCFF0552BCA42F500CDC6E5 /* SignUpBottomSheet */ = {
			isa = PBXGroup;
			children = (
				0BCFF05A2BCA442100CDC6E5 /* VIewModel */,
				0BCFF0592BCA441D00CDC6E5 /* ViewController */,
				0BCFF0582BCA441B00CDC6E5 /* View */,
			);
			path = SignUpBottomSheet;
			sourceTree = "<group>";
		};
		0BCFF0582BCA441B00CDC6E5 /* View */ = {
			isa = PBXGroup;
			children = (
				0BCFF05C2BCA443A00CDC6E5 /* SignUpBottomSheetView.swift */,
			);
			path = View;
			sourceTree = "<group>";
		};
		0BCFF0592BCA441D00CDC6E5 /* ViewController */ = {
			isa = PBXGroup;
			children = (
				0BCFF0562BCA430500CDC6E5 /* SignUpBottomSheetViewController.swift */,
			);
			path = ViewController;
			sourceTree = "<group>";
		};
		0BCFF05A2BCA442100CDC6E5 /* VIewModel */ = {
			isa = PBXGroup;
			children = (
				0BCFF05E2BCA446D00CDC6E5 /* SignUpBottomSheetViewModel.swift */,
			);
			path = VIewModel;
			sourceTree = "<group>";
		};
		0BCFF0622BCA455300CDC6E5 /* CheckBoxView */ = {
			isa = PBXGroup;
			children = (
				0BCFF0602BCA455000CDC6E5 /* CheckBoxView.swift */,
			);
			path = CheckBoxView;
			sourceTree = "<group>";
		};
		0BCFF06E2BCAA5FD00CDC6E5 /* SignUpCompleteScene */ = {
			isa = PBXGroup;
			children = (
				0BCFF0712BCAA61100CDC6E5 /* ViewModel */,
				0BCFF0702BCAA60D00CDC6E5 /* ViewController */,
				0BCFF06F2BCAA60B00CDC6E5 /* View */,
			);
			path = SignUpCompleteScene;
			sourceTree = "<group>";
		};
		0BCFF06F2BCAA60B00CDC6E5 /* View */ = {
			isa = PBXGroup;
			children = (
				0BCFF0762BCAA68000CDC6E5 /* SignUpCompleteView.swift */,
			);
			path = View;
			sourceTree = "<group>";
		};
		0BCFF0702BCAA60D00CDC6E5 /* ViewController */ = {
			isa = PBXGroup;
			children = (
				0BCFF0722BCAA62C00CDC6E5 /* SignUpViewCompleteViewController.swift */,
			);
			path = ViewController;
			sourceTree = "<group>";
		};
		0BCFF0712BCAA61100CDC6E5 /* ViewModel */ = {
			isa = PBXGroup;
			children = (
				0BCFF0742BCAA66600CDC6E5 /* SignUpViewCompleteViewModel.swift */,
			);
			path = ViewModel;
			sourceTree = "<group>";
		};
		0BCFF07A2BCAAAA200CDC6E5 /* Router */ = {
			isa = PBXGroup;
			children = (
				0BCFF07B2BCAAAA900CDC6E5 /* Router.swift */,
			);
			path = Router;
			sourceTree = "<group>";
		};
		0BCFF07D2BCAAC8900CDC6E5 /* Model */ = {
			isa = PBXGroup;
			children = (
				0B5B4E7F2BD1F4FC00F0F8E4 /* SectionModel */,
				0BCFF07F2BCAAC9400CDC6E5 /* Decoding */,
				0BCFF07E2BCAAC8F00CDC6E5 /* Encoding */,
			);
			path = Model;
			sourceTree = "<group>";
		};
		0BCFF07E2BCAAC8F00CDC6E5 /* Encoding */ = {
			isa = PBXGroup;
			children = (
				0BCFF0802BCAAC9B00CDC6E5 /* LoginRequestModel.swift */,
				0B5B4E4D2BCE748B00F0F8E4 /* SignUpRequetModel.swift */,
				0B5B4EA32BD258C200F0F8E4 /* PostsRequestModel.swift */,
				0B60E19B2BDF6A2600779038 /* LikeRequestModel.swift */,
				0BFED82E2BE79C5700970D8C /* WritePostRequestModel.swift */,
				0BFED8322BE7B09F00970D8C /* JoinRequestModel.swift */,
				0BFED83C2BE913EF00970D8C /* PayValidationModel.swift */,
			);
			path = Encoding;
			sourceTree = "<group>";
		};
		0BCFF07F2BCAAC9400CDC6E5 /* Decoding */ = {
			isa = PBXGroup;
			children = (
				0BCFF0822BCAADE300CDC6E5 /* LoginResultModel.swift */,
				0B5B4E0E2BCD4BA700F0F8E4 /* AccessTokenRefreshModel.swift */,
				0B5B4E4B2BCE610600F0F8E4 /* EventPostsResultModel.swift */,
				0B5B4E4F2BCE799A00F0F8E4 /* SignUpResultModel.swift */,
				0B5B4EA12BD251D400F0F8E4 /* PartyPostsResultModel.swift */,
				0B60E19D2BDF6C2B00779038 /* LikeResultModel.swift */,
				0BFED7EC2BE45FCE00970D8C /* WithDrawResultModel.swift */,
				0BFED8342BE7B13F00970D8C /* WriteJoinResultModel.swift */,
			);
			path = Decoding;
			sourceTree = "<group>";
		};
		0BDE9FDB2BC76EE100289075 /* CodeView */ = {
			isa = PBXGroup;
			children = (
				0BDE9FDC2BC76EF100289075 /* CodeView.swift */,
			);
			path = CodeView;
			sourceTree = "<group>";
		};
		0BDE9FDE2BC811BB00289075 /* View */ = {
			isa = PBXGroup;
			children = (
				0BDE9FEC2BC8126D00289075 /* SignInView.swift */,
			);
			path = View;
			sourceTree = "<group>";
		};
		0BDE9FDF2BC811C200289075 /* ViewController */ = {
			isa = PBXGroup;
			children = (
				0BDE9FE12BC811D600289075 /* SignInViewController.swift */,
			);
			path = ViewController;
			sourceTree = "<group>";
		};
		0BDE9FE02BC811C600289075 /* ViewModel */ = {
			isa = PBXGroup;
			children = (
				0BDE9FEE2BC812AB00289075 /* SignInViewModel.swift */,
			);
			path = ViewModel;
			sourceTree = "<group>";
		};
		0BDE9FE72BC8120D00289075 /* Base */ = {
			isa = PBXGroup;
			children = (
				0BDE9FE32BC8120D00289075 /* BaseCollectionViewCell.swift */,
				0BDE9FE42BC8120D00289075 /* BaseTableViewCell.swift */,
				0BDE9FE52BC8120D00289075 /* BaseUIView.swift */,
				0BDE9FE62BC8120D00289075 /* BaseViewController.swift */,
				0B60E1AD2BDF837A00779038 /* BaseTableHeaderView.swift */,
				0BFED81C2BE75EF200970D8C /* BaseEndEditingViewController.swift */,
			);
			path = Base;
			sourceTree = "<group>";
		};
		0BDE9FF02BC8269900289075 /* View */ = {
			isa = PBXGroup;
			children = (
				0BDE9FF62BC826B900289075 /* SignUpView.swift */,
			);
			path = View;
			sourceTree = "<group>";
		};
		0BDE9FF12BC8269C00289075 /* ViewController */ = {
			isa = PBXGroup;
			children = (
				0BDE9FF32BC826AD00289075 /* SignUpViewController.swift */,
			);
			path = ViewController;
			sourceTree = "<group>";
		};
		0BDE9FF22BC826A100289075 /* ViewModel */ = {
			isa = PBXGroup;
			children = (
				0BDE9FF82BC826C300289075 /* SignUpViewModel.swift */,
			);
			path = ViewModel;
			sourceTree = "<group>";
		};
		0BDE9FFD2BC8296300289075 /* View */ = {
			isa = PBXGroup;
			children = (
				0BFED8192BE71CDF00970D8C /* BaseStepperView */,
				0B469D702BD9F30800691995 /* TitleView */,
				0B469D6F2BD88C5C00691995 /* BasePaddingLabel */,
				0B5B4DEF2BCBBD3E00F0F8E4 /* SignUpLabelsView */,
				0BCFF0622BCA455300CDC6E5 /* CheckBoxView */,
				0BDEA0002BC8299300289075 /* SignUpTextFieldView */,
				0BDE9FDB2BC76EE100289075 /* CodeView */,
			);
			path = View;
			sourceTree = "<group>";
		};
		0BDEA0002BC8299300289075 /* SignUpTextFieldView */ = {
			isa = PBXGroup;
			children = (
				0BDE9FFE2BC8298000289075 /* BaseTextField.swift */,
			);
			path = SignUpTextFieldView;
			sourceTree = "<group>";
		};
		0BFED7DB2BE362CD00970D8C /* Cell */ = {
			isa = PBXGroup;
			children = (
				0BFED7DC2BE362E400970D8C /* PartyDetailViewStackCell.swift */,
			);
			path = Cell;
			sourceTree = "<group>";
		};
		0BFED7EE2BE477C900970D8C /* APIKey */ = {
			isa = PBXGroup;
			children = (
				0B019DC12BC6CC9200E89BB4 /* APIKeyPublic.swift */,
				0B019DB12BC6CC0300E89BB4 /* APIKey.swift */,
			);
			path = APIKey;
			sourceTree = "<group>";
		};
		0BFED7FB2BE4D07200970D8C /* Post */ = {
			isa = PBXGroup;
			children = (
				0BFED7FC2BE4D08400970D8C /* PostRouter.swift */,
				0BFED8012BE4D6B800970D8C /* PostRequestModel.swift */,
			);
			path = Post;
			sourceTree = "<group>";
		};
		0BFED7FE2BE4D4C000970D8C /* Interceptor */ = {
			isa = PBXGroup;
			children = (
				0BFED7FF2BE4D4CE00970D8C /* Interceptor.swift */,
			);
			path = Interceptor;
			sourceTree = "<group>";
		};
		0BFED8032BE516D900970D8C /* PartyJoinView */ = {
			isa = PBXGroup;
			children = (
				0BFED8062BE516EC00970D8C /* ViewModel */,
				0BFED8052BE516E500970D8C /* ViewController */,
				0BFED8042BE516E000970D8C /* View */,
			);
			path = PartyJoinView;
			sourceTree = "<group>";
		};
		0BFED8042BE516E000970D8C /* View */ = {
			isa = PBXGroup;
			children = (
				0BFED8092BE5172500970D8C /* PartyJoinView.swift */,
			);
			path = View;
			sourceTree = "<group>";
		};
		0BFED8052BE516E500970D8C /* ViewController */ = {
			isa = PBXGroup;
			children = (
				0BFED8072BE5170500970D8C /* PartyJoinViewController.swift */,
			);
			path = ViewController;
			sourceTree = "<group>";
		};
		0BFED8062BE516EC00970D8C /* ViewModel */ = {
			isa = PBXGroup;
			children = (
				0BFED80B2BE5174000970D8C /* PartyJoinViewModel.swift */,
			);
			path = ViewModel;
			sourceTree = "<group>";
		};
		0BFED8112BE66F6100970D8C /* ProfileSettingView */ = {
			isa = PBXGroup;
			children = (
				0BFED8122BE66F7100970D8C /* View */,
			);
			path = ProfileSettingView;
			sourceTree = "<group>";
		};
		0BFED8122BE66F7100970D8C /* View */ = {
			isa = PBXGroup;
			children = (
				0BFED8132BE66F7A00970D8C /* ProfileSettingView.swift */,
			);
			path = View;
			sourceTree = "<group>";
		};
		0BFED8192BE71CDF00970D8C /* BaseStepperView */ = {
			isa = PBXGroup;
			children = (
				0BFED81A2BE71CF800970D8C /* BaseStepperView.swift */,
			);
			path = BaseStepperView;
			sourceTree = "<group>";
		};
		0BFED81E2BE760C900970D8C /* Base */ = {
			isa = PBXGroup;
			children = (
				0B019DB22BC6CC0300E89BB4 /* HTTPHeader.swift */,
				0BFED81F2BE760DA00970D8C /* BaseRequestManager.swift */,
			);
			path = Base;
			sourceTree = "<group>";
		};
		0BFED8242BE7800300970D8C /* Logger */ = {
			isa = PBXGroup;
			children = (
				0BFED8252BE7801300970D8C /* MoyaLogger.swift */,
			);
			path = Logger;
			sourceTree = "<group>";
		};
		0BFED82A2BE79AAC00970D8C /* Plugin */ = {
			isa = PBXGroup;
			children = (
				0BFED82B2BE79AB500970D8C /* Cache */,
				0BFED7FE2BE4D4C000970D8C /* Interceptor */,
				0BFED8242BE7800300970D8C /* Logger */,
			);
			path = Plugin;
			sourceTree = "<group>";
		};
		0BFED82B2BE79AB500970D8C /* Cache */ = {
			isa = PBXGroup;
			children = (
				0BFED82C2BE79AC200970D8C /* MoyaCache.swift */,
			);
			path = Cache;
			sourceTree = "<group>";
		};
		0BFED8392BE9134F00970D8C /* Pay */ = {
			isa = PBXGroup;
			children = (
				0BFED83A2BE9136000970D8C /* PayRouter.swift */,
				0BFED83E2BE9145C00970D8C /* PayRequestModel.swift */,
			);
			path = Pay;
			sourceTree = "<group>";
		};
		0BFED8452BE91C1900970D8C /* IamportPaymentViewScene */ = {
			isa = PBXGroup;
			children = (
				0BFED8462BE91C2600970D8C /* IamportPaymentView.swift */,
			);
			path = IamportPaymentViewScene;
			sourceTree = "<group>";
		};
/* End PBXGroup section */

/* Begin PBXNativeTarget section */
		0B019D732BC6BB8600E89BB4 /* DevCommunity */ = {
			isa = PBXNativeTarget;
			buildConfigurationList = 0B019D882BC6BB8900E89BB4 /* Build configuration list for PBXNativeTarget "DevCommunity" */;
			buildPhases = (
				0B019D702BC6BB8600E89BB4 /* Sources */,
				0B019D712BC6BB8600E89BB4 /* Frameworks */,
				0B019D722BC6BB8600E89BB4 /* Resources */,
			);
			buildRules = (
			);
			dependencies = (
			);
			name = DevCommunity;
			packageProductDependencies = (
				0B019D922BC6BBB900E89BB4 /* Alamofire */,
				0B019D952BC6BBC700E89BB4 /* Toast */,
				0B019D982BC6BBCF00E89BB4 /* Kingfisher */,
				0B019D9B2BC6BBE100E89BB4 /* RxCocoa */,
				0B019D9D2BC6BBE100E89BB4 /* RxSwift */,
				0B019DA52BC6BC5100E89BB4 /* SnapKit */,
				0BDE9FFB2BC8279500289075 /* TextFieldEffects */,
				0B5B4E7B2BD1675600F0F8E4 /* Differentiator */,
				0B5B4E7D2BD1675600F0F8E4 /* RxDataSources */,
				0B469D4B2BD649E300691995 /* SkeletonView */,
				0B60E2122BE11CCC00779038 /* Moya */,
				0B60E2172BE121C200779038 /* ReactiveMoya */,
				0B60E2192BE121C200779038 /* RxMoya */,
				0BFED8282BE7927000970D8C /* IQKeyboardManagerSwift */,
				0BFED8412BE9161600970D8C /* iamport-ios */,
			);
			productName = "WhyIsn'tWorking";
			productReference = 0B019D742BC6BB8600E89BB4 /* DevCommunity.app */;
			productType = "com.apple.product-type.application";
		};
/* End PBXNativeTarget section */

/* Begin PBXProject section */
		0B019D6C2BC6BB8600E89BB4 /* Project object */ = {
			isa = PBXProject;
			attributes = {
				BuildIndependentTargetsInParallel = 1;
				LastSwiftUpdateCheck = 1530;
				LastUpgradeCheck = 1530;
				TargetAttributes = {
					0B019D732BC6BB8600E89BB4 = {
						CreatedOnToolsVersion = 15.3;
					};
				};
			};
			buildConfigurationList = 0B019D6F2BC6BB8600E89BB4 /* Build configuration list for PBXProject "DevCommunity" */;
			compatibilityVersion = "Xcode 14.0";
			developmentRegion = en;
			hasScannedForEncodings = 0;
			knownRegions = (
				en,
				Base,
			);
			mainGroup = 0B019D6B2BC6BB8600E89BB4;
			packageReferences = (
				0B019D912BC6BBB900E89BB4 /* XCRemoteSwiftPackageReference "Alamofire" */,
				0B019D942BC6BBC700E89BB4 /* XCRemoteSwiftPackageReference "Toast-Swift" */,
				0B019D972BC6BBCF00E89BB4 /* XCRemoteSwiftPackageReference "Kingfisher" */,
				0B019D9A2BC6BBE100E89BB4 /* XCRemoteSwiftPackageReference "RxSwift" */,
				0B019DA42BC6BC5100E89BB4 /* XCRemoteSwiftPackageReference "SnapKit" */,
				0BDE9FFA2BC8279500289075 /* XCRemoteSwiftPackageReference "TextFieldEffects" */,
				0B5B4E7A2BD1675600F0F8E4 /* XCRemoteSwiftPackageReference "RxDataSources" */,
				0B469D4A2BD649E300691995 /* XCRemoteSwiftPackageReference "SkeletonView" */,
				0B60E2112BE11CCC00779038 /* XCRemoteSwiftPackageReference "Moya" */,
				0BFED8272BE7927000970D8C /* XCRemoteSwiftPackageReference "IQKeyboardManager" */,
				0BFED8402BE9161600970D8C /* XCRemoteSwiftPackageReference "iamport-ios" */,
			);
			productRefGroup = 0B019D752BC6BB8600E89BB4 /* Products */;
			projectDirPath = "";
			projectRoot = "";
			targets = (
				0B019D732BC6BB8600E89BB4 /* DevCommunity */,
			);
		};
/* End PBXProject section */

/* Begin PBXResourcesBuildPhase section */
		0B019D722BC6BB8600E89BB4 /* Resources */ = {
			isa = PBXResourcesBuildPhase;
			buildActionMask = 2147483647;
			files = (
				0B019D812BC6BB8900E89BB4 /* Assets.xcassets in Resources */,
				0B019DBF2BC6CC5200E89BB4 /* .gitignore in Resources */,
				0B019D842BC6BB8900E89BB4 /* Base in Resources */,
			);
			runOnlyForDeploymentPostprocessing = 0;
		};
/* End PBXResourcesBuildPhase section */

/* Begin PBXSourcesBuildPhase section */
		0B019D702BC6BB8600E89BB4 /* Sources */ = {
			isa = PBXSourcesBuildPhase;
			buildActionMask = 2147483647;
			files = (
				0B019DB82BC6CC0300E89BB4 /* HTTPHeader.swift in Sources */,
				0B5B4E532BCEB76000F0F8E4 /* TabbarController.swift in Sources */,
				0BFED7DF2BE3747800970D8C /* Alamofire+Interceptor+Extension.swift in Sources */,
				0BFED80E2BE518D200970D8C /* UIViewController+Preview+Extension.swift in Sources */,
				0B019DC42BC6CCEA00E89BB4 /* DeleteBackButton+Extension.swift in Sources */,
				0BFED83B2BE9136000970D8C /* PayRouter.swift in Sources */,
				0BDE9FDD2BC76EF100289075 /* CodeView.swift in Sources */,
				0BFED82F2BE79C5700970D8C /* WritePostRequestModel.swift in Sources */,
				0B5B4DF12BCBBD4E00F0F8E4 /* SignUpLabelsView.swift in Sources */,
				0B469D722BD9F31300691995 /* TitleView.swift in Sources */,
				0BFED8082BE5170500970D8C /* PartyJoinViewController.swift in Sources */,
				0BFED8312BE7A52F00970D8C /* DateFormatter+Extension.swift in Sources */,
				0BFED8332BE7B09F00970D8C /* JoinRequestModel.swift in Sources */,
				0BFED8102BE5BBA000970D8C /* Job.swift in Sources */,
				0B60E1612BDB8B2C00779038 /* PartyTableViewCell.swift in Sources */,
				0B60E1AC2BDF830700779038 /* DetailHeaderView.swift in Sources */,
				0B5B4E592BCEBA9A00F0F8E4 /* InitialViewController.swift in Sources */,
				0BDE9FF72BC826B900289075 /* SignUpView.swift in Sources */,
				0B469D522BD64CA200691995 /* DetailViewController.swift in Sources */,
				0BCFF0752BCAA66600CDC6E5 /* SignUpViewCompleteViewModel.swift in Sources */,
				0B60E1562BDA52BD00779038 /* RxSwift+Extension.swift in Sources */,
				0BFED83D2BE913EF00970D8C /* PayValidationModel.swift in Sources */,
				0B5B4E5D2BCEBAC700F0F8E4 /* InitialViewModel.swift in Sources */,
				0B5B4EA22BD251D400F0F8E4 /* PartyPostsResultModel.swift in Sources */,
				0B5B4E4C2BCE610600F0F8E4 /* EventPostsResultModel.swift in Sources */,
				0B5B4EA42BD258C300F0F8E4 /* PostsRequestModel.swift in Sources */,
				0BFED8142BE66F7A00970D8C /* ProfileSettingView.swift in Sources */,
				0B469D472BD3E72000691995 /* KingFisher+Extension.swift in Sources */,
				0BDE9FE92BC8120E00289075 /* BaseTableViewCell.swift in Sources */,
				0BDE9FEB2BC8120E00289075 /* BaseViewController.swift in Sources */,
				0B60E19A2BDF652F00779038 /* WebView.swift in Sources */,
				0BDE9FF42BC826AD00289075 /* SignUpViewController.swift in Sources */,
				0BFED81B2BE71CF800970D8C /* BaseStepperView.swift in Sources */,
				0B019D782BC6BB8600E89BB4 /* AppDelegate.swift in Sources */,
				0B60E1AE2BDF837A00779038 /* BaseTableHeaderView.swift in Sources */,
				0BFED8002BE4D4CE00970D8C /* Interceptor.swift in Sources */,
				0B019DBD2BC6CC3300E89BB4 /* ReusableID.swift in Sources */,
				0BFED80A2BE5172500970D8C /* PartyJoinView.swift in Sources */,
				0BFED80C2BE5174000970D8C /* PartyJoinViewModel.swift in Sources */,
				0BCFF0572BCA430500CDC6E5 /* SignUpBottomSheetViewController.swift in Sources */,
				0BDE9FEF2BC812AB00289075 /* SignInViewModel.swift in Sources */,
				0B60E2252BE26D1900779038 /* PartyPostAddView.swift in Sources */,
				0BCFF0792BCAA9CD00CDC6E5 /* AlamofireTargetType.swift in Sources */,
				0B5B4E0F2BCD4BA700F0F8E4 /* AccessTokenRefreshModel.swift in Sources */,
				0BFED8022BE4D6B800970D8C /* PostRequestModel.swift in Sources */,
				0B5B4E6B2BCFA7EB00F0F8E4 /* SettingView.swift in Sources */,
				0BFED7FD2BE4D08400970D8C /* PostRouter.swift in Sources */,
				0BFED8202BE760DA00970D8C /* BaseRequestManager.swift in Sources */,
				0BFED8262BE7801300970D8C /* MoyaLogger.swift in Sources */,
				0B60E19C2BDF6A2600779038 /* LikeRequestModel.swift in Sources */,
				0BCFF0612BCA455000CDC6E5 /* CheckBoxView.swift in Sources */,
				0B60E2162BE11D7F00779038 /* AuthRouter.swift in Sources */,
				0B5B4E1B2BCD631300F0F8E4 /* EventsView.swift in Sources */,
				0B60E19E2BDF6C2B00779038 /* LikeResultModel.swift in Sources */,
				0BFED7E22BE37EBF00970D8C /* AuthRequestManager.swift in Sources */,
				0B019D7A2BC6BB8600E89BB4 /* SceneDelegate.swift in Sources */,
				0B60E1B52BE0683500779038 /* SectionModelProtocol.swift in Sources */,
				0BFED7ED2BE45FCE00970D8C /* WithDrawResultModel.swift in Sources */,
				0BDE9FE82BC8120E00289075 /* BaseCollectionViewCell.swift in Sources */,
				0BCFF0832BCAADE300CDC6E5 /* LoginResultModel.swift in Sources */,
				0B019DBA2BC6CC0300E89BB4 /* NetworkManager.swift in Sources */,
				0B019DC22BC6CC9200E89BB4 /* APIKeyPublic.swift in Sources */,
				0B60E1B02BDF86BF00779038 /* DetailViewSectionModel.swift in Sources */,
				0BFED7FA2BE4B80100970D8C /* CustomTargetType.swift in Sources */,
				0B60E1A82BDF7A4A00779038 /* PartyDetailViewModel.swift in Sources */,
				0B469D592BD6828100691995 /* BasePaddingLabel.swift in Sources */,
				0BFED8352BE7B13F00970D8C /* WriteJoinResultModel.swift in Sources */,
				0B60E2272BE26D3200779038 /* PartyPostAddViewModel.swift in Sources */,
				0BDE9FEA2BC8120E00289075 /* BaseUIView.swift in Sources */,
				0BFED8472BE91C2600970D8C /* IamportPaymentView.swift in Sources */,
				0B019DC62BC6CCED00E89BB4 /* UserDefaults+Extension.swift in Sources */,
				0B5B4E812BD1F50F00F0F8E4 /* EventsPostsSectionModel.swift in Sources */,
				0BDE9FED2BC8126D00289075 /* SignInView.swift in Sources */,
				0BFED83F2BE9145C00970D8C /* PayRequestModel.swift in Sources */,
				0B469D542BD64CB400691995 /* DetailView.swift in Sources */,
				0B60E1A62BDF7A2E00779038 /* PartyDetailView.swift in Sources */,
				0BCFF0812BCAAC9B00CDC6E5 /* LoginRequestModel.swift in Sources */,
				0BCFF07C2BCAAAA900CDC6E5 /* Router.swift in Sources */,
				0BFED81D2BE75EF200970D8C /* BaseEndEditingViewController.swift in Sources */,
				0B5B4E5B2BCEBAA200F0F8E4 /* InitialView.swift in Sources */,
				0BCFF0732BCAA62C00CDC6E5 /* SignUpViewCompleteViewController.swift in Sources */,
				0B60E2042BE0A5D700779038 /* PartyEmptyTableViewCell.swift in Sources */,
				0B60E1A42BDF7A1500779038 /* PartyDetailViewController.swift in Sources */,
				0BCFF0772BCAA68000CDC6E5 /* SignUpCompleteView.swift in Sources */,
				0BCFF05D2BCA443A00CDC6E5 /* SignUpBottomSheetView.swift in Sources */,
				0BDE9FE22BC811D600289075 /* SignInViewController.swift in Sources */,
				0BFED7DD2BE362E500970D8C /* PartyDetailViewStackCell.swift in Sources */,
				0BDE9FFF2BC8298000289075 /* BaseTextField.swift in Sources */,
				0B60E2232BE26CF900779038 /* PartyPostAddViewController.swift in Sources */,
				0B019DAC2BC6BCBA00E89BB4 /* InputOutputViewModelProtocol.swift in Sources */,
				0B5B4E172BCD62B600F0F8E4 /* EventsViewController.swift in Sources */,
				0BFED82D2BE79AC200970D8C /* MoyaCache.swift in Sources */,
				0B5B4E502BCE799A00F0F8E4 /* SignUpResultModel.swift in Sources */,
				0B5B4E192BCD62D200F0F8E4 /* EventsViewModel.swift in Sources */,
				0BDE9FF92BC826C300289075 /* SignUpViewModel.swift in Sources */,
				0B019DB72BC6CC0300E89BB4 /* APIKey.swift in Sources */,
				0BCFF05F2BCA446D00CDC6E5 /* SignUpBottomSheetViewModel.swift in Sources */,
				0B019DC82BC6CD0000E89BB4 /* KeyChain+Extension.swift in Sources */,
				0B5B4EA02BD24FF000F0F8E4 /* EventsTableViewCell.swift in Sources */,
				0B469D572BD64CC000691995 /* DetailViewModel.swift in Sources */,
				0B60E1972BDF64DE00779038 /* WebViewController.swift in Sources */,
				0B60E1B32BE067F600779038 /* Row.swift in Sources */,
				0B5B4E4E2BCE748B00F0F8E4 /* SignUpRequetModel.swift in Sources */,
			);
			runOnlyForDeploymentPostprocessing = 0;
		};
/* End PBXSourcesBuildPhase section */

/* Begin PBXVariantGroup section */
		0B019D822BC6BB8900E89BB4 /* LaunchScreen.storyboard */ = {
			isa = PBXVariantGroup;
			children = (
				0B019D832BC6BB8900E89BB4 /* Base */,
			);
			name = LaunchScreen.storyboard;
			sourceTree = "<group>";
		};
/* End PBXVariantGroup section */

/* Begin XCBuildConfiguration section */
		0B019D862BC6BB8900E89BB4 /* Debug */ = {
			isa = XCBuildConfiguration;
			buildSettings = {
				ALWAYS_SEARCH_USER_PATHS = NO;
				ASSETCATALOG_COMPILER_GENERATE_SWIFT_ASSET_SYMBOL_EXTENSIONS = YES;
				CLANG_ANALYZER_NONNULL = YES;
				CLANG_ANALYZER_NUMBER_OBJECT_CONVERSION = YES_AGGRESSIVE;
				CLANG_CXX_LANGUAGE_STANDARD = "gnu++20";
				CLANG_ENABLE_MODULES = YES;
				CLANG_ENABLE_OBJC_ARC = YES;
				CLANG_ENABLE_OBJC_WEAK = YES;
				CLANG_WARN_BLOCK_CAPTURE_AUTORELEASING = YES;
				CLANG_WARN_BOOL_CONVERSION = YES;
				CLANG_WARN_COMMA = YES;
				CLANG_WARN_CONSTANT_CONVERSION = YES;
				CLANG_WARN_DEPRECATED_OBJC_IMPLEMENTATIONS = YES;
				CLANG_WARN_DIRECT_OBJC_ISA_USAGE = YES_ERROR;
				CLANG_WARN_DOCUMENTATION_COMMENTS = YES;
				CLANG_WARN_EMPTY_BODY = YES;
				CLANG_WARN_ENUM_CONVERSION = YES;
				CLANG_WARN_INFINITE_RECURSION = YES;
				CLANG_WARN_INT_CONVERSION = YES;
				CLANG_WARN_NON_LITERAL_NULL_CONVERSION = YES;
				CLANG_WARN_OBJC_IMPLICIT_RETAIN_SELF = YES;
				CLANG_WARN_OBJC_LITERAL_CONVERSION = YES;
				CLANG_WARN_OBJC_ROOT_CLASS = YES_ERROR;
				CLANG_WARN_QUOTED_INCLUDE_IN_FRAMEWORK_HEADER = YES;
				CLANG_WARN_RANGE_LOOP_ANALYSIS = YES;
				CLANG_WARN_STRICT_PROTOTYPES = YES;
				CLANG_WARN_SUSPICIOUS_MOVE = YES;
				CLANG_WARN_UNGUARDED_AVAILABILITY = YES_AGGRESSIVE;
				CLANG_WARN_UNREACHABLE_CODE = YES;
				CLANG_WARN__DUPLICATE_METHOD_MATCH = YES;
				COPY_PHASE_STRIP = NO;
				DEBUG_INFORMATION_FORMAT = dwarf;
				ENABLE_STRICT_OBJC_MSGSEND = YES;
				ENABLE_TESTABILITY = YES;
				ENABLE_USER_SCRIPT_SANDBOXING = YES;
				GCC_C_LANGUAGE_STANDARD = gnu17;
				GCC_DYNAMIC_NO_PIC = NO;
				GCC_NO_COMMON_BLOCKS = YES;
				GCC_OPTIMIZATION_LEVEL = 0;
				GCC_PREPROCESSOR_DEFINITIONS = (
					"DEBUG=1",
					"$(inherited)",
				);
				GCC_WARN_64_TO_32_BIT_CONVERSION = YES;
				GCC_WARN_ABOUT_RETURN_TYPE = YES_ERROR;
				GCC_WARN_UNDECLARED_SELECTOR = YES;
				GCC_WARN_UNINITIALIZED_AUTOS = YES_AGGRESSIVE;
				GCC_WARN_UNUSED_FUNCTION = YES;
				GCC_WARN_UNUSED_VARIABLE = YES;
				IPHONEOS_DEPLOYMENT_TARGET = 17.4;
				LOCALIZATION_PREFERS_STRING_CATALOGS = YES;
				MTL_ENABLE_DEBUG_INFO = INCLUDE_SOURCE;
				MTL_FAST_MATH = YES;
				ONLY_ACTIVE_ARCH = YES;
				SDKROOT = iphoneos;
				SWIFT_ACTIVE_COMPILATION_CONDITIONS = "DEBUG $(inherited)";
				SWIFT_OPTIMIZATION_LEVEL = "-Onone";
			};
			name = Debug;
		};
		0B019D872BC6BB8900E89BB4 /* Release */ = {
			isa = XCBuildConfiguration;
			buildSettings = {
				ALWAYS_SEARCH_USER_PATHS = NO;
				ASSETCATALOG_COMPILER_GENERATE_SWIFT_ASSET_SYMBOL_EXTENSIONS = YES;
				CLANG_ANALYZER_NONNULL = YES;
				CLANG_ANALYZER_NUMBER_OBJECT_CONVERSION = YES_AGGRESSIVE;
				CLANG_CXX_LANGUAGE_STANDARD = "gnu++20";
				CLANG_ENABLE_MODULES = YES;
				CLANG_ENABLE_OBJC_ARC = YES;
				CLANG_ENABLE_OBJC_WEAK = YES;
				CLANG_WARN_BLOCK_CAPTURE_AUTORELEASING = YES;
				CLANG_WARN_BOOL_CONVERSION = YES;
				CLANG_WARN_COMMA = YES;
				CLANG_WARN_CONSTANT_CONVERSION = YES;
				CLANG_WARN_DEPRECATED_OBJC_IMPLEMENTATIONS = YES;
				CLANG_WARN_DIRECT_OBJC_ISA_USAGE = YES_ERROR;
				CLANG_WARN_DOCUMENTATION_COMMENTS = YES;
				CLANG_WARN_EMPTY_BODY = YES;
				CLANG_WARN_ENUM_CONVERSION = YES;
				CLANG_WARN_INFINITE_RECURSION = YES;
				CLANG_WARN_INT_CONVERSION = YES;
				CLANG_WARN_NON_LITERAL_NULL_CONVERSION = YES;
				CLANG_WARN_OBJC_IMPLICIT_RETAIN_SELF = YES;
				CLANG_WARN_OBJC_LITERAL_CONVERSION = YES;
				CLANG_WARN_OBJC_ROOT_CLASS = YES_ERROR;
				CLANG_WARN_QUOTED_INCLUDE_IN_FRAMEWORK_HEADER = YES;
				CLANG_WARN_RANGE_LOOP_ANALYSIS = YES;
				CLANG_WARN_STRICT_PROTOTYPES = YES;
				CLANG_WARN_SUSPICIOUS_MOVE = YES;
				CLANG_WARN_UNGUARDED_AVAILABILITY = YES_AGGRESSIVE;
				CLANG_WARN_UNREACHABLE_CODE = YES;
				CLANG_WARN__DUPLICATE_METHOD_MATCH = YES;
				COPY_PHASE_STRIP = NO;
				DEBUG_INFORMATION_FORMAT = "dwarf-with-dsym";
				ENABLE_NS_ASSERTIONS = NO;
				ENABLE_STRICT_OBJC_MSGSEND = YES;
				ENABLE_USER_SCRIPT_SANDBOXING = YES;
				GCC_C_LANGUAGE_STANDARD = gnu17;
				GCC_NO_COMMON_BLOCKS = YES;
				GCC_WARN_64_TO_32_BIT_CONVERSION = YES;
				GCC_WARN_ABOUT_RETURN_TYPE = YES_ERROR;
				GCC_WARN_UNDECLARED_SELECTOR = YES;
				GCC_WARN_UNINITIALIZED_AUTOS = YES_AGGRESSIVE;
				GCC_WARN_UNUSED_FUNCTION = YES;
				GCC_WARN_UNUSED_VARIABLE = YES;
				IPHONEOS_DEPLOYMENT_TARGET = 17.4;
				LOCALIZATION_PREFERS_STRING_CATALOGS = YES;
				MTL_ENABLE_DEBUG_INFO = NO;
				MTL_FAST_MATH = YES;
				SDKROOT = iphoneos;
				SWIFT_COMPILATION_MODE = wholemodule;
				VALIDATE_PRODUCT = YES;
			};
			name = Release;
		};
		0B019D892BC6BB8900E89BB4 /* Debug */ = {
			isa = XCBuildConfiguration;
			buildSettings = {
				ASSETCATALOG_COMPILER_APPICON_NAME = AppIcon;
				ASSETCATALOG_COMPILER_GLOBAL_ACCENT_COLOR_NAME = AccentColor;
				CODE_SIGN_STYLE = Automatic;
				CURRENT_PROJECT_VERSION = 1;
				DEVELOPMENT_TEAM = Y7F2ZW9QG3;
				GENERATE_INFOPLIST_FILE = YES;
				INFOPLIST_FILE = DevCommunity/Info.plist;
				INFOPLIST_KEY_CFBundleDisplayName = "데브커뮤니티";
				INFOPLIST_KEY_UIApplicationSupportsIndirectInputEvents = YES;
				INFOPLIST_KEY_UILaunchStoryboardName = LaunchScreen;
				INFOPLIST_KEY_UISupportedInterfaceOrientations_iPad = "UIInterfaceOrientationPortrait UIInterfaceOrientationPortraitUpsideDown UIInterfaceOrientationLandscapeLeft UIInterfaceOrientationLandscapeRight";
				INFOPLIST_KEY_UISupportedInterfaceOrientations_iPhone = "UIInterfaceOrientationPortrait UIInterfaceOrientationLandscapeLeft UIInterfaceOrientationLandscapeRight";
				IPHONEOS_DEPLOYMENT_TARGET = 16.0;
				LD_RUNPATH_SEARCH_PATHS = (
					"$(inherited)",
					"@executable_path/Frameworks",
				);
				MARKETING_VERSION = 1.0;
				PRODUCT_BUNDLE_IDENTIFIER = Yoo.DevCommunity;
				PRODUCT_NAME = "$(TARGET_NAME)";
				SUPPORTED_PLATFORMS = "iphoneos iphonesimulator";
				SUPPORTS_MACCATALYST = NO;
				SUPPORTS_MAC_DESIGNED_FOR_IPHONE_IPAD = NO;
				SUPPORTS_XR_DESIGNED_FOR_IPHONE_IPAD = NO;
				SWIFT_EMIT_LOC_STRINGS = YES;
				SWIFT_VERSION = 5.0;
				TARGETED_DEVICE_FAMILY = 1;
			};
			name = Debug;
		};
		0B019D8A2BC6BB8900E89BB4 /* Release */ = {
			isa = XCBuildConfiguration;
			buildSettings = {
				ASSETCATALOG_COMPILER_APPICON_NAME = AppIcon;
				ASSETCATALOG_COMPILER_GLOBAL_ACCENT_COLOR_NAME = AccentColor;
				CODE_SIGN_STYLE = Automatic;
				CURRENT_PROJECT_VERSION = 1;
				DEVELOPMENT_TEAM = Y7F2ZW9QG3;
				GENERATE_INFOPLIST_FILE = YES;
				INFOPLIST_FILE = DevCommunity/Info.plist;
				INFOPLIST_KEY_CFBundleDisplayName = "데브커뮤니티";
				INFOPLIST_KEY_UIApplicationSupportsIndirectInputEvents = YES;
				INFOPLIST_KEY_UILaunchStoryboardName = LaunchScreen;
				INFOPLIST_KEY_UISupportedInterfaceOrientations_iPad = "UIInterfaceOrientationPortrait UIInterfaceOrientationPortraitUpsideDown UIInterfaceOrientationLandscapeLeft UIInterfaceOrientationLandscapeRight";
				INFOPLIST_KEY_UISupportedInterfaceOrientations_iPhone = "UIInterfaceOrientationPortrait UIInterfaceOrientationLandscapeLeft UIInterfaceOrientationLandscapeRight";
				IPHONEOS_DEPLOYMENT_TARGET = 16.0;
				LD_RUNPATH_SEARCH_PATHS = (
					"$(inherited)",
					"@executable_path/Frameworks",
				);
				MARKETING_VERSION = 1.0;
				PRODUCT_BUNDLE_IDENTIFIER = Yoo.DevCommunity;
				PRODUCT_NAME = "$(TARGET_NAME)";
				SUPPORTED_PLATFORMS = "iphoneos iphonesimulator";
				SUPPORTS_MACCATALYST = NO;
				SUPPORTS_MAC_DESIGNED_FOR_IPHONE_IPAD = NO;
				SUPPORTS_XR_DESIGNED_FOR_IPHONE_IPAD = NO;
				SWIFT_EMIT_LOC_STRINGS = YES;
				SWIFT_VERSION = 5.0;
				TARGETED_DEVICE_FAMILY = 1;
			};
			name = Release;
		};
/* End XCBuildConfiguration section */

/* Begin XCConfigurationList section */
		0B019D6F2BC6BB8600E89BB4 /* Build configuration list for PBXProject "DevCommunity" */ = {
			isa = XCConfigurationList;
			buildConfigurations = (
				0B019D862BC6BB8900E89BB4 /* Debug */,
				0B019D872BC6BB8900E89BB4 /* Release */,
			);
			defaultConfigurationIsVisible = 0;
			defaultConfigurationName = Release;
		};
		0B019D882BC6BB8900E89BB4 /* Build configuration list for PBXNativeTarget "DevCommunity" */ = {
			isa = XCConfigurationList;
			buildConfigurations = (
				0B019D892BC6BB8900E89BB4 /* Debug */,
				0B019D8A2BC6BB8900E89BB4 /* Release */,
			);
			defaultConfigurationIsVisible = 0;
			defaultConfigurationName = Release;
		};
/* End XCConfigurationList section */

/* Begin XCRemoteSwiftPackageReference section */
		0B019D912BC6BBB900E89BB4 /* XCRemoteSwiftPackageReference "Alamofire" */ = {
			isa = XCRemoteSwiftPackageReference;
			repositoryURL = "https://github.com/Alamofire/Alamofire";
			requirement = {
				kind = upToNextMajorVersion;
				minimumVersion = 5.9.1;
			};
		};
		0B019D942BC6BBC700E89BB4 /* XCRemoteSwiftPackageReference "Toast-Swift" */ = {
			isa = XCRemoteSwiftPackageReference;
			repositoryURL = "https://github.com/scalessec/Toast-Swift.git";
			requirement = {
				kind = upToNextMajorVersion;
				minimumVersion = 5.1.1;
			};
		};
		0B019D972BC6BBCF00E89BB4 /* XCRemoteSwiftPackageReference "Kingfisher" */ = {
			isa = XCRemoteSwiftPackageReference;
			repositoryURL = "https://github.com/onevcat/Kingfisher.git";
			requirement = {
				kind = upToNextMajorVersion;
				minimumVersion = 7.11.0;
			};
		};
		0B019D9A2BC6BBE100E89BB4 /* XCRemoteSwiftPackageReference "RxSwift" */ = {
			isa = XCRemoteSwiftPackageReference;
			repositoryURL = "https://github.com/ReactiveX/RxSwift.git";
			requirement = {
				kind = upToNextMajorVersion;
				minimumVersion = 6.6.0;
			};
		};
		0B019DA42BC6BC5100E89BB4 /* XCRemoteSwiftPackageReference "SnapKit" */ = {
			isa = XCRemoteSwiftPackageReference;
			repositoryURL = "https://github.com/SnapKit/SnapKit.git";
			requirement = {
				kind = upToNextMajorVersion;
				minimumVersion = 5.7.1;
			};
		};
		0B469D4A2BD649E300691995 /* XCRemoteSwiftPackageReference "SkeletonView" */ = {
			isa = XCRemoteSwiftPackageReference;
			repositoryURL = "https://github.com/Juanpe/SkeletonView.git";
			requirement = {
				kind = upToNextMajorVersion;
				minimumVersion = 1.31.0;
			};
		};
		0B5B4E7A2BD1675600F0F8E4 /* XCRemoteSwiftPackageReference "RxDataSources" */ = {
			isa = XCRemoteSwiftPackageReference;
			repositoryURL = "https://github.com/RxSwiftCommunity/RxDataSources.git";
			requirement = {
				kind = upToNextMajorVersion;
				minimumVersion = 5.0.2;
			};
		};
		0B60E2112BE11CCC00779038 /* XCRemoteSwiftPackageReference "Moya" */ = {
			isa = XCRemoteSwiftPackageReference;
			repositoryURL = "https://github.com/Moya/Moya.git";
			requirement = {
				kind = upToNextMajorVersion;
				minimumVersion = 15.0.3;
			};
		};
		0BDE9FFA2BC8279500289075 /* XCRemoteSwiftPackageReference "TextFieldEffects" */ = {
			isa = XCRemoteSwiftPackageReference;
			repositoryURL = "https://github.com/raulriera/TextFieldEffects.git";
			requirement = {
				kind = upToNextMajorVersion;
				minimumVersion = 1.7.0;
			};
		};
		0BFED8272BE7927000970D8C /* XCRemoteSwiftPackageReference "IQKeyboardManager" */ = {
			isa = XCRemoteSwiftPackageReference;
			repositoryURL = "https://github.com/hackiftekhar/IQKeyboardManager.git";
			requirement = {
				kind = upToNextMajorVersion;
				minimumVersion = 7.0.2;
			};
		};
		0BFED8402BE9161600970D8C /* XCRemoteSwiftPackageReference "iamport-ios" */ = {
			isa = XCRemoteSwiftPackageReference;
			repositoryURL = "https://github.com/iamport/iamport-ios.git";
			requirement = {
				kind = upToNextMajorVersion;
				minimumVersion = 1.4.1;
			};
		};
/* End XCRemoteSwiftPackageReference section */

/* Begin XCSwiftPackageProductDependency section */
		0B019D922BC6BBB900E89BB4 /* Alamofire */ = {
			isa = XCSwiftPackageProductDependency;
			package = 0B019D912BC6BBB900E89BB4 /* XCRemoteSwiftPackageReference "Alamofire" */;
			productName = Alamofire;
		};
		0B019D952BC6BBC700E89BB4 /* Toast */ = {
			isa = XCSwiftPackageProductDependency;
			package = 0B019D942BC6BBC700E89BB4 /* XCRemoteSwiftPackageReference "Toast-Swift" */;
			productName = Toast;
		};
		0B019D982BC6BBCF00E89BB4 /* Kingfisher */ = {
			isa = XCSwiftPackageProductDependency;
			package = 0B019D972BC6BBCF00E89BB4 /* XCRemoteSwiftPackageReference "Kingfisher" */;
			productName = Kingfisher;
		};
		0B019D9B2BC6BBE100E89BB4 /* RxCocoa */ = {
			isa = XCSwiftPackageProductDependency;
			package = 0B019D9A2BC6BBE100E89BB4 /* XCRemoteSwiftPackageReference "RxSwift" */;
			productName = RxCocoa;
		};
		0B019D9D2BC6BBE100E89BB4 /* RxSwift */ = {
			isa = XCSwiftPackageProductDependency;
			package = 0B019D9A2BC6BBE100E89BB4 /* XCRemoteSwiftPackageReference "RxSwift" */;
			productName = RxSwift;
		};
		0B019DA52BC6BC5100E89BB4 /* SnapKit */ = {
			isa = XCSwiftPackageProductDependency;
			package = 0B019DA42BC6BC5100E89BB4 /* XCRemoteSwiftPackageReference "SnapKit" */;
			productName = SnapKit;
		};
		0B469D4B2BD649E300691995 /* SkeletonView */ = {
			isa = XCSwiftPackageProductDependency;
			package = 0B469D4A2BD649E300691995 /* XCRemoteSwiftPackageReference "SkeletonView" */;
			productName = SkeletonView;
		};
		0B5B4E7B2BD1675600F0F8E4 /* Differentiator */ = {
			isa = XCSwiftPackageProductDependency;
			package = 0B5B4E7A2BD1675600F0F8E4 /* XCRemoteSwiftPackageReference "RxDataSources" */;
			productName = Differentiator;
		};
		0B5B4E7D2BD1675600F0F8E4 /* RxDataSources */ = {
			isa = XCSwiftPackageProductDependency;
			package = 0B5B4E7A2BD1675600F0F8E4 /* XCRemoteSwiftPackageReference "RxDataSources" */;
			productName = RxDataSources;
		};
		0B60E2122BE11CCC00779038 /* Moya */ = {
			isa = XCSwiftPackageProductDependency;
			package = 0B60E2112BE11CCC00779038 /* XCRemoteSwiftPackageReference "Moya" */;
			productName = Moya;
		};
		0B60E2172BE121C200779038 /* ReactiveMoya */ = {
			isa = XCSwiftPackageProductDependency;
			package = 0B60E2112BE11CCC00779038 /* XCRemoteSwiftPackageReference "Moya" */;
			productName = ReactiveMoya;
		};
		0B60E2192BE121C200779038 /* RxMoya */ = {
			isa = XCSwiftPackageProductDependency;
			package = 0B60E2112BE11CCC00779038 /* XCRemoteSwiftPackageReference "Moya" */;
			productName = RxMoya;
		};
		0BDE9FFB2BC8279500289075 /* TextFieldEffects */ = {
			isa = XCSwiftPackageProductDependency;
			package = 0BDE9FFA2BC8279500289075 /* XCRemoteSwiftPackageReference "TextFieldEffects" */;
			productName = TextFieldEffects;
		};
		0BFED8282BE7927000970D8C /* IQKeyboardManagerSwift */ = {
			isa = XCSwiftPackageProductDependency;
			package = 0BFED8272BE7927000970D8C /* XCRemoteSwiftPackageReference "IQKeyboardManager" */;
			productName = IQKeyboardManagerSwift;
		};
		0BFED8412BE9161600970D8C /* iamport-ios */ = {
			isa = XCSwiftPackageProductDependency;
			package = 0BFED8402BE9161600970D8C /* XCRemoteSwiftPackageReference "iamport-ios" */;
			productName = "iamport-ios";
		};
/* End XCSwiftPackageProductDependency section */
	};
	rootObject = 0B019D6C2BC6BB8600E89BB4 /* Project object */;
}
