// !$*UTF8*$!
{
	archiveVersion = 1;
	classes = {
	};
	objectVersion = 56;
	objects = {

/* Begin PBXBuildFile section */
		0B019D782BC6BB8600E89BB4 /* AppDelegate.swift in Sources */ = {isa = PBXBuildFile; fileRef = 0B019D772BC6BB8600E89BB4 /* AppDelegate.swift */; };
		0B019D7A2BC6BB8600E89BB4 /* SceneDelegate.swift in Sources */ = {isa = PBXBuildFile; fileRef = 0B019D792BC6BB8600E89BB4 /* SceneDelegate.swift */; };
		0B019D812BC6BB8900E89BB4 /* Assets.xcassets in Resources */ = {isa = PBXBuildFile; fileRef = 0B019D802BC6BB8900E89BB4 /* Assets.xcassets */; };
		0B019D842BC6BB8900E89BB4 /* Base in Resources */ = {isa = PBXBuildFile; fileRef = 0B019D832BC6BB8900E89BB4 /* Base */; };
		0B019D8D2BC6BB9D00E89BB4 /* Splash in Frameworks */ = {isa = PBXBuildFile; productRef = 0B019D8C2BC6BB9D00E89BB4 /* Splash */; };
		0B019D902BC6BBA400E89BB4 /* MarkdownUI in Frameworks */ = {isa = PBXBuildFile; productRef = 0B019D8F2BC6BBA400E89BB4 /* MarkdownUI */; };
		0B019D932BC6BBB900E89BB4 /* Alamofire in Frameworks */ = {isa = PBXBuildFile; productRef = 0B019D922BC6BBB900E89BB4 /* Alamofire */; };
		0B019D962BC6BBC700E89BB4 /* Toast in Frameworks */ = {isa = PBXBuildFile; productRef = 0B019D952BC6BBC700E89BB4 /* Toast */; };
		0B019D992BC6BBCF00E89BB4 /* Kingfisher in Frameworks */ = {isa = PBXBuildFile; productRef = 0B019D982BC6BBCF00E89BB4 /* Kingfisher */; };
		0B019D9C2BC6BBE100E89BB4 /* RxCocoa in Frameworks */ = {isa = PBXBuildFile; productRef = 0B019D9B2BC6BBE100E89BB4 /* RxCocoa */; };
		0B019D9E2BC6BBE100E89BB4 /* RxSwift in Frameworks */ = {isa = PBXBuildFile; productRef = 0B019D9D2BC6BBE100E89BB4 /* RxSwift */; };
		0B019DA12BC6BC3F00E89BB4 /* Realm in Frameworks */ = {isa = PBXBuildFile; productRef = 0B019DA02BC6BC3F00E89BB4 /* Realm */; };
		0B019DA32BC6BC3F00E89BB4 /* RealmSwift in Frameworks */ = {isa = PBXBuildFile; productRef = 0B019DA22BC6BC3F00E89BB4 /* RealmSwift */; };
		0B019DA62BC6BC5100E89BB4 /* SnapKit in Frameworks */ = {isa = PBXBuildFile; productRef = 0B019DA52BC6BC5100E89BB4 /* SnapKit */; };
		0B019DAC2BC6BCBA00E89BB4 /* InputOutputViewModelProtocol.swift in Sources */ = {isa = PBXBuildFile; fileRef = 0B019DAB2BC6BCBA00E89BB4 /* InputOutputViewModelProtocol.swift */; };
		0B019DB72BC6CC0300E89BB4 /* APIKey.swift in Sources */ = {isa = PBXBuildFile; fileRef = 0B019DB12BC6CC0300E89BB4 /* APIKey.swift */; };
		0B019DB82BC6CC0300E89BB4 /* HTTPHeader.swift in Sources */ = {isa = PBXBuildFile; fileRef = 0B019DB22BC6CC0300E89BB4 /* HTTPHeader.swift */; };
		0B019DBA2BC6CC0300E89BB4 /* NetworkManager.swift in Sources */ = {isa = PBXBuildFile; fileRef = 0B019DB42BC6CC0300E89BB4 /* NetworkManager.swift */; };
		0B019DBD2BC6CC3300E89BB4 /* ReusableID.swift in Sources */ = {isa = PBXBuildFile; fileRef = 0B019DBC2BC6CC3300E89BB4 /* ReusableID.swift */; };
		0B019DBF2BC6CC5200E89BB4 /* .gitignore in Resources */ = {isa = PBXBuildFile; fileRef = 0B019DBE2BC6CC5200E89BB4 /* .gitignore */; };
		0B019DC22BC6CC9200E89BB4 /* APIKeyPublic.swift in Sources */ = {isa = PBXBuildFile; fileRef = 0B019DC12BC6CC9200E89BB4 /* APIKeyPublic.swift */; };
		0B019DC42BC6CCEA00E89BB4 /* DeleteBackButton+Extension.swift in Sources */ = {isa = PBXBuildFile; fileRef = 0B019DC32BC6CCEA00E89BB4 /* DeleteBackButton+Extension.swift */; };
		0B019DC62BC6CCED00E89BB4 /* UserDefaults+Extension.swift in Sources */ = {isa = PBXBuildFile; fileRef = 0B019DC52BC6CCED00E89BB4 /* UserDefaults+Extension.swift */; };
		0B019DC82BC6CD0000E89BB4 /* KeyChain+Extension.swift in Sources */ = {isa = PBXBuildFile; fileRef = 0B019DC72BC6CD0000E89BB4 /* KeyChain+Extension.swift */; };
		0B5B4DF12BCBBD4E00F0F8E4 /* SignUpLabelsView.swift in Sources */ = {isa = PBXBuildFile; fileRef = 0B5B4DF02BCBBD4E00F0F8E4 /* SignUpLabelsView.swift */; };
		0BCFF0572BCA430500CDC6E5 /* SignUpBottomSheetViewController.swift in Sources */ = {isa = PBXBuildFile; fileRef = 0BCFF0562BCA430500CDC6E5 /* SignUpBottomSheetViewController.swift */; };
		0BCFF05D2BCA443A00CDC6E5 /* SignUpBottomSheetView.swift in Sources */ = {isa = PBXBuildFile; fileRef = 0BCFF05C2BCA443A00CDC6E5 /* SignUpBottomSheetView.swift */; };
		0BCFF05F2BCA446D00CDC6E5 /* SignUpBottomSheetViewModel.swift in Sources */ = {isa = PBXBuildFile; fileRef = 0BCFF05E2BCA446D00CDC6E5 /* SignUpBottomSheetViewModel.swift */; };
		0BCFF0612BCA455000CDC6E5 /* CheckBoxView.swift in Sources */ = {isa = PBXBuildFile; fileRef = 0BCFF0602BCA455000CDC6E5 /* CheckBoxView.swift */; };
		0BCFF0692BCAA5B400CDC6E5 /* ProfileSettingViewController.swift in Sources */ = {isa = PBXBuildFile; fileRef = 0BCFF0682BCAA5B400CDC6E5 /* ProfileSettingViewController.swift */; };
		0BCFF06B2BCAA5C100CDC6E5 /* ProfileSettingView.swift in Sources */ = {isa = PBXBuildFile; fileRef = 0BCFF06A2BCAA5C100CDC6E5 /* ProfileSettingView.swift */; };
		0BCFF06D2BCAA5D000CDC6E5 /* ProfileSettingViewModel.swift in Sources */ = {isa = PBXBuildFile; fileRef = 0BCFF06C2BCAA5D000CDC6E5 /* ProfileSettingViewModel.swift */; };
		0BCFF0732BCAA62C00CDC6E5 /* SignUpViewCompleteViewController.swift in Sources */ = {isa = PBXBuildFile; fileRef = 0BCFF0722BCAA62C00CDC6E5 /* SignUpViewCompleteViewController.swift */; };
		0BCFF0752BCAA66600CDC6E5 /* SignUpViewCompleteViewModel.swift in Sources */ = {isa = PBXBuildFile; fileRef = 0BCFF0742BCAA66600CDC6E5 /* SignUpViewCompleteViewModel.swift */; };
		0BCFF0772BCAA68000CDC6E5 /* SignUpCompleteView.swift in Sources */ = {isa = PBXBuildFile; fileRef = 0BCFF0762BCAA68000CDC6E5 /* SignUpCompleteView.swift */; };
		0BCFF0792BCAA9CD00CDC6E5 /* TargetType.swift in Sources */ = {isa = PBXBuildFile; fileRef = 0BCFF0782BCAA9CD00CDC6E5 /* TargetType.swift */; };
		0BCFF07C2BCAAAA900CDC6E5 /* Router.swift in Sources */ = {isa = PBXBuildFile; fileRef = 0BCFF07B2BCAAAA900CDC6E5 /* Router.swift */; };
		0BCFF0812BCAAC9B00CDC6E5 /* LoginRequestModel.swift in Sources */ = {isa = PBXBuildFile; fileRef = 0BCFF0802BCAAC9B00CDC6E5 /* LoginRequestModel.swift */; };
		0BCFF0832BCAADE300CDC6E5 /* LoginResultModel.swift in Sources */ = {isa = PBXBuildFile; fileRef = 0BCFF0822BCAADE300CDC6E5 /* LoginResultModel.swift */; };
		0BDE9FDD2BC76EF100289075 /* CodeView.swift in Sources */ = {isa = PBXBuildFile; fileRef = 0BDE9FDC2BC76EF100289075 /* CodeView.swift */; };
		0BDE9FE22BC811D600289075 /* SignInViewController.swift in Sources */ = {isa = PBXBuildFile; fileRef = 0BDE9FE12BC811D600289075 /* SignInViewController.swift */; };
		0BDE9FE82BC8120E00289075 /* BaseCollectionViewCell.swift in Sources */ = {isa = PBXBuildFile; fileRef = 0BDE9FE32BC8120D00289075 /* BaseCollectionViewCell.swift */; };
		0BDE9FE92BC8120E00289075 /* BaseTableViewCell.swift in Sources */ = {isa = PBXBuildFile; fileRef = 0BDE9FE42BC8120D00289075 /* BaseTableViewCell.swift */; };
		0BDE9FEA2BC8120E00289075 /* BaseUIView.swift in Sources */ = {isa = PBXBuildFile; fileRef = 0BDE9FE52BC8120D00289075 /* BaseUIView.swift */; };
		0BDE9FEB2BC8120E00289075 /* BaseViewController.swift in Sources */ = {isa = PBXBuildFile; fileRef = 0BDE9FE62BC8120D00289075 /* BaseViewController.swift */; };
		0BDE9FED2BC8126D00289075 /* SignInView.swift in Sources */ = {isa = PBXBuildFile; fileRef = 0BDE9FEC2BC8126D00289075 /* SignInView.swift */; };
		0BDE9FEF2BC812AB00289075 /* SignInViewModel.swift in Sources */ = {isa = PBXBuildFile; fileRef = 0BDE9FEE2BC812AB00289075 /* SignInViewModel.swift */; };
		0BDE9FF42BC826AD00289075 /* SignUpViewController.swift in Sources */ = {isa = PBXBuildFile; fileRef = 0BDE9FF32BC826AD00289075 /* SignUpViewController.swift */; };
		0BDE9FF72BC826B900289075 /* SignUpView.swift in Sources */ = {isa = PBXBuildFile; fileRef = 0BDE9FF62BC826B900289075 /* SignUpView.swift */; };
		0BDE9FF92BC826C300289075 /* SignUpViewModel.swift in Sources */ = {isa = PBXBuildFile; fileRef = 0BDE9FF82BC826C300289075 /* SignUpViewModel.swift */; };
		0BDE9FFC2BC8279500289075 /* TextFieldEffects in Frameworks */ = {isa = PBXBuildFile; productRef = 0BDE9FFB2BC8279500289075 /* TextFieldEffects */; };
		0BDE9FFF2BC8298000289075 /* SignUpTextField.swift in Sources */ = {isa = PBXBuildFile; fileRef = 0BDE9FFE2BC8298000289075 /* SignUpTextField.swift */; };
/* End PBXBuildFile section */

/* Begin PBXFileReference section */
		0B019D742BC6BB8600E89BB4 /* WhyIsn'tWorking.app */ = {isa = PBXFileReference; explicitFileType = wrapper.application; includeInIndex = 0; path = "WhyIsn'tWorking.app"; sourceTree = BUILT_PRODUCTS_DIR; };
		0B019D772BC6BB8600E89BB4 /* AppDelegate.swift */ = {isa = PBXFileReference; lastKnownFileType = sourcecode.swift; path = AppDelegate.swift; sourceTree = "<group>"; };
		0B019D792BC6BB8600E89BB4 /* SceneDelegate.swift */ = {isa = PBXFileReference; lastKnownFileType = sourcecode.swift; path = SceneDelegate.swift; sourceTree = "<group>"; };
		0B019D802BC6BB8900E89BB4 /* Assets.xcassets */ = {isa = PBXFileReference; lastKnownFileType = folder.assetcatalog; path = Assets.xcassets; sourceTree = "<group>"; };
		0B019D832BC6BB8900E89BB4 /* Base */ = {isa = PBXFileReference; lastKnownFileType = file.storyboard; name = Base; path = Base.lproj/LaunchScreen.storyboard; sourceTree = "<group>"; };
		0B019D852BC6BB8900E89BB4 /* Info.plist */ = {isa = PBXFileReference; lastKnownFileType = text.plist.xml; path = Info.plist; sourceTree = "<group>"; };
		0B019DAB2BC6BCBA00E89BB4 /* InputOutputViewModelProtocol.swift */ = {isa = PBXFileReference; lastKnownFileType = sourcecode.swift; path = InputOutputViewModelProtocol.swift; sourceTree = "<group>"; };
		0B019DB12BC6CC0300E89BB4 /* APIKey.swift */ = {isa = PBXFileReference; fileEncoding = 4; lastKnownFileType = sourcecode.swift; path = APIKey.swift; sourceTree = "<group>"; };
		0B019DB22BC6CC0300E89BB4 /* HTTPHeader.swift */ = {isa = PBXFileReference; fileEncoding = 4; lastKnownFileType = sourcecode.swift; path = HTTPHeader.swift; sourceTree = "<group>"; };
		0B019DB42BC6CC0300E89BB4 /* NetworkManager.swift */ = {isa = PBXFileReference; fileEncoding = 4; lastKnownFileType = sourcecode.swift; path = NetworkManager.swift; sourceTree = "<group>"; };
		0B019DBC2BC6CC3300E89BB4 /* ReusableID.swift */ = {isa = PBXFileReference; fileEncoding = 4; lastKnownFileType = sourcecode.swift; path = ReusableID.swift; sourceTree = "<group>"; };
		0B019DBE2BC6CC5200E89BB4 /* .gitignore */ = {isa = PBXFileReference; lastKnownFileType = text; path = .gitignore; sourceTree = "<group>"; };
		0B019DC12BC6CC9200E89BB4 /* APIKeyPublic.swift */ = {isa = PBXFileReference; lastKnownFileType = sourcecode.swift; path = APIKeyPublic.swift; sourceTree = "<group>"; };
		0B019DC32BC6CCEA00E89BB4 /* DeleteBackButton+Extension.swift */ = {isa = PBXFileReference; fileEncoding = 4; lastKnownFileType = sourcecode.swift; path = "DeleteBackButton+Extension.swift"; sourceTree = "<group>"; };
		0B019DC52BC6CCED00E89BB4 /* UserDefaults+Extension.swift */ = {isa = PBXFileReference; fileEncoding = 4; lastKnownFileType = sourcecode.swift; path = "UserDefaults+Extension.swift"; sourceTree = "<group>"; };
		0B019DC72BC6CD0000E89BB4 /* KeyChain+Extension.swift */ = {isa = PBXFileReference; lastKnownFileType = sourcecode.swift; path = "KeyChain+Extension.swift"; sourceTree = "<group>"; };
		0B5B4DF02BCBBD4E00F0F8E4 /* SignUpLabelsView.swift */ = {isa = PBXFileReference; lastKnownFileType = sourcecode.swift; path = SignUpLabelsView.swift; sourceTree = "<group>"; };
		0BCFF0562BCA430500CDC6E5 /* SignUpBottomSheetViewController.swift */ = {isa = PBXFileReference; lastKnownFileType = sourcecode.swift; path = SignUpBottomSheetViewController.swift; sourceTree = "<group>"; };
		0BCFF05C2BCA443A00CDC6E5 /* SignUpBottomSheetView.swift */ = {isa = PBXFileReference; lastKnownFileType = sourcecode.swift; path = SignUpBottomSheetView.swift; sourceTree = "<group>"; };
		0BCFF05E2BCA446D00CDC6E5 /* SignUpBottomSheetViewModel.swift */ = {isa = PBXFileReference; lastKnownFileType = sourcecode.swift; path = SignUpBottomSheetViewModel.swift; sourceTree = "<group>"; };
		0BCFF0602BCA455000CDC6E5 /* CheckBoxView.swift */ = {isa = PBXFileReference; lastKnownFileType = sourcecode.swift; path = CheckBoxView.swift; sourceTree = "<group>"; };
		0BCFF0682BCAA5B400CDC6E5 /* ProfileSettingViewController.swift */ = {isa = PBXFileReference; lastKnownFileType = sourcecode.swift; path = ProfileSettingViewController.swift; sourceTree = "<group>"; };
		0BCFF06A2BCAA5C100CDC6E5 /* ProfileSettingView.swift */ = {isa = PBXFileReference; lastKnownFileType = sourcecode.swift; path = ProfileSettingView.swift; sourceTree = "<group>"; };
		0BCFF06C2BCAA5D000CDC6E5 /* ProfileSettingViewModel.swift */ = {isa = PBXFileReference; lastKnownFileType = sourcecode.swift; path = ProfileSettingViewModel.swift; sourceTree = "<group>"; };
		0BCFF0722BCAA62C00CDC6E5 /* SignUpViewCompleteViewController.swift */ = {isa = PBXFileReference; lastKnownFileType = sourcecode.swift; path = SignUpViewCompleteViewController.swift; sourceTree = "<group>"; };
		0BCFF0742BCAA66600CDC6E5 /* SignUpViewCompleteViewModel.swift */ = {isa = PBXFileReference; lastKnownFileType = sourcecode.swift; path = SignUpViewCompleteViewModel.swift; sourceTree = "<group>"; };
		0BCFF0762BCAA68000CDC6E5 /* SignUpCompleteView.swift */ = {isa = PBXFileReference; lastKnownFileType = sourcecode.swift; path = SignUpCompleteView.swift; sourceTree = "<group>"; };
		0BCFF0782BCAA9CD00CDC6E5 /* TargetType.swift */ = {isa = PBXFileReference; fileEncoding = 4; lastKnownFileType = sourcecode.swift; path = TargetType.swift; sourceTree = "<group>"; };
		0BCFF07B2BCAAAA900CDC6E5 /* Router.swift */ = {isa = PBXFileReference; lastKnownFileType = sourcecode.swift; path = Router.swift; sourceTree = "<group>"; };
		0BCFF0802BCAAC9B00CDC6E5 /* LoginRequestModel.swift */ = {isa = PBXFileReference; lastKnownFileType = sourcecode.swift; path = LoginRequestModel.swift; sourceTree = "<group>"; };
		0BCFF0822BCAADE300CDC6E5 /* LoginResultModel.swift */ = {isa = PBXFileReference; lastKnownFileType = sourcecode.swift; path = LoginResultModel.swift; sourceTree = "<group>"; };
		0BDE9FDC2BC76EF100289075 /* CodeView.swift */ = {isa = PBXFileReference; lastKnownFileType = sourcecode.swift; path = CodeView.swift; sourceTree = "<group>"; };
		0BDE9FE12BC811D600289075 /* SignInViewController.swift */ = {isa = PBXFileReference; lastKnownFileType = sourcecode.swift; path = SignInViewController.swift; sourceTree = "<group>"; };
		0BDE9FE32BC8120D00289075 /* BaseCollectionViewCell.swift */ = {isa = PBXFileReference; fileEncoding = 4; lastKnownFileType = sourcecode.swift; path = BaseCollectionViewCell.swift; sourceTree = "<group>"; };
		0BDE9FE42BC8120D00289075 /* BaseTableViewCell.swift */ = {isa = PBXFileReference; fileEncoding = 4; lastKnownFileType = sourcecode.swift; path = BaseTableViewCell.swift; sourceTree = "<group>"; };
		0BDE9FE52BC8120D00289075 /* BaseUIView.swift */ = {isa = PBXFileReference; fileEncoding = 4; lastKnownFileType = sourcecode.swift; path = BaseUIView.swift; sourceTree = "<group>"; };
		0BDE9FE62BC8120D00289075 /* BaseViewController.swift */ = {isa = PBXFileReference; fileEncoding = 4; lastKnownFileType = sourcecode.swift; path = BaseViewController.swift; sourceTree = "<group>"; };
		0BDE9FEC2BC8126D00289075 /* SignInView.swift */ = {isa = PBXFileReference; lastKnownFileType = sourcecode.swift; path = SignInView.swift; sourceTree = "<group>"; };
		0BDE9FEE2BC812AB00289075 /* SignInViewModel.swift */ = {isa = PBXFileReference; lastKnownFileType = sourcecode.swift; path = SignInViewModel.swift; sourceTree = "<group>"; };
		0BDE9FF32BC826AD00289075 /* SignUpViewController.swift */ = {isa = PBXFileReference; lastKnownFileType = sourcecode.swift; path = SignUpViewController.swift; sourceTree = "<group>"; };
		0BDE9FF62BC826B900289075 /* SignUpView.swift */ = {isa = PBXFileReference; lastKnownFileType = sourcecode.swift; path = SignUpView.swift; sourceTree = "<group>"; };
		0BDE9FF82BC826C300289075 /* SignUpViewModel.swift */ = {isa = PBXFileReference; lastKnownFileType = sourcecode.swift; path = SignUpViewModel.swift; sourceTree = "<group>"; };
		0BDE9FFE2BC8298000289075 /* SignUpTextField.swift */ = {isa = PBXFileReference; lastKnownFileType = sourcecode.swift; path = SignUpTextField.swift; sourceTree = "<group>"; };
/* End PBXFileReference section */

/* Begin PBXFrameworksBuildPhase section */
		0B019D712BC6BB8600E89BB4 /* Frameworks */ = {
			isa = PBXFrameworksBuildPhase;
			buildActionMask = 2147483647;
			files = (
				0B019D9C2BC6BBE100E89BB4 /* RxCocoa in Frameworks */,
				0B019D962BC6BBC700E89BB4 /* Toast in Frameworks */,
				0B019D932BC6BBB900E89BB4 /* Alamofire in Frameworks */,
				0B019DA32BC6BC3F00E89BB4 /* RealmSwift in Frameworks */,
				0B019D8D2BC6BB9D00E89BB4 /* Splash in Frameworks */,
				0B019D902BC6BBA400E89BB4 /* MarkdownUI in Frameworks */,
				0B019D992BC6BBCF00E89BB4 /* Kingfisher in Frameworks */,
				0BDE9FFC2BC8279500289075 /* TextFieldEffects in Frameworks */,
				0B019DA12BC6BC3F00E89BB4 /* Realm in Frameworks */,
				0B019D9E2BC6BBE100E89BB4 /* RxSwift in Frameworks */,
				0B019DA62BC6BC5100E89BB4 /* SnapKit in Frameworks */,
			);
			runOnlyForDeploymentPostprocessing = 0;
		};
/* End PBXFrameworksBuildPhase section */

/* Begin PBXGroup section */
		0B019D6B2BC6BB8600E89BB4 = {
			isa = PBXGroup;
			children = (
				0B019DBE2BC6CC5200E89BB4 /* .gitignore */,
				0B019D762BC6BB8600E89BB4 /* WhyIsn'tWorking */,
				0B019D752BC6BB8600E89BB4 /* Products */,
			);
			sourceTree = "<group>";
		};
		0B019D752BC6BB8600E89BB4 /* Products */ = {
			isa = PBXGroup;
			children = (
				0B019D742BC6BB8600E89BB4 /* WhyIsn'tWorking.app */,
			);
			name = Products;
			sourceTree = "<group>";
		};
		0B019D762BC6BB8600E89BB4 /* WhyIsn'tWorking */ = {
			isa = PBXGroup;
			children = (
				0BCFF07D2BCAAC8900CDC6E5 /* Model */,
				0BDE9FFD2BC8296300289075 /* View */,
				0B019DAA2BC6BCA900E89BB4 /* Extension */,
				0B019DA92BC6BCA500E89BB4 /* Protocol */,
				0B019DA82BC6BCA100E89BB4 /* Service */,
				0B019DA72BC6BC9E00E89BB4 /* Scene */,
				0B019D772BC6BB8600E89BB4 /* AppDelegate.swift */,
				0B019D792BC6BB8600E89BB4 /* SceneDelegate.swift */,
				0B019D802BC6BB8900E89BB4 /* Assets.xcassets */,
				0B019D822BC6BB8900E89BB4 /* LaunchScreen.storyboard */,
				0B019D852BC6BB8900E89BB4 /* Info.plist */,
			);
			path = "WhyIsn'tWorking";
			sourceTree = "<group>";
		};
		0B019DA72BC6BC9E00E89BB4 /* Scene */ = {
			isa = PBXGroup;
			children = (
				0BCFF06E2BCAA5FD00CDC6E5 /* SignUpCompleteScene */,
				0BCFF0632BCAA57100CDC6E5 /* ProfileSettingScene */,
				0BCFF0552BCA42F500CDC6E5 /* SignUpBottomSheet */,
				0BDE9FE72BC8120D00289075 /* Base */,
				0B019DAF2BC6BD0800E89BB4 /* SignUpScene */,
				0B019DAE2BC6BCEB00E89BB4 /* SignInScene */,
			);
			path = Scene;
			sourceTree = "<group>";
		};
		0B019DA82BC6BCA100E89BB4 /* Service */ = {
			isa = PBXGroup;
			children = (
				0B019DB62BC6CC0300E89BB4 /* Network */,
			);
			path = Service;
			sourceTree = "<group>";
		};
		0B019DA92BC6BCA500E89BB4 /* Protocol */ = {
			isa = PBXGroup;
			children = (
				0B019DAB2BC6BCBA00E89BB4 /* InputOutputViewModelProtocol.swift */,
				0B019DBC2BC6CC3300E89BB4 /* ReusableID.swift */,
			);
			path = Protocol;
			sourceTree = "<group>";
		};
		0B019DAA2BC6BCA900E89BB4 /* Extension */ = {
			isa = PBXGroup;
			children = (
				0B019DC52BC6CCED00E89BB4 /* UserDefaults+Extension.swift */,
				0B019DC32BC6CCEA00E89BB4 /* DeleteBackButton+Extension.swift */,
				0B019DC72BC6CD0000E89BB4 /* KeyChain+Extension.swift */,
			);
			path = Extension;
			sourceTree = "<group>";
		};
		0B019DAE2BC6BCEB00E89BB4 /* SignInScene */ = {
			isa = PBXGroup;
			children = (
				0BDE9FE02BC811C600289075 /* ViewModel */,
				0BDE9FDF2BC811C200289075 /* ViewController */,
				0BDE9FDE2BC811BB00289075 /* View */,
			);
			path = SignInScene;
			sourceTree = "<group>";
		};
		0B019DAF2BC6BD0800E89BB4 /* SignUpScene */ = {
			isa = PBXGroup;
			children = (
				0BDE9FF22BC826A100289075 /* ViewModel */,
				0BDE9FF12BC8269C00289075 /* ViewController */,
				0BDE9FF02BC8269900289075 /* View */,
			);
			path = SignUpScene;
			sourceTree = "<group>";
		};
		0B019DB62BC6CC0300E89BB4 /* Network */ = {
			isa = PBXGroup;
			children = (
				0BCFF07A2BCAAAA200CDC6E5 /* Router */,
				0B019DB12BC6CC0300E89BB4 /* APIKey.swift */,
				0B019DB22BC6CC0300E89BB4 /* HTTPHeader.swift */,
				0B019DB42BC6CC0300E89BB4 /* NetworkManager.swift */,
				0B019DC12BC6CC9200E89BB4 /* APIKeyPublic.swift */,
				0BCFF0782BCAA9CD00CDC6E5 /* TargetType.swift */,
			);
			path = Network;
			sourceTree = "<group>";
		};
		0B5B4DEF2BCBBD3E00F0F8E4 /* SignUpLabelsView */ = {
			isa = PBXGroup;
			children = (
				0B5B4DF02BCBBD4E00F0F8E4 /* SignUpLabelsView.swift */,
			);
			path = SignUpLabelsView;
			sourceTree = "<group>";
		};
		0BCFF0552BCA42F500CDC6E5 /* SignUpBottomSheet */ = {
			isa = PBXGroup;
			children = (
				0BCFF05A2BCA442100CDC6E5 /* VIewModel */,
				0BCFF0592BCA441D00CDC6E5 /* ViewController */,
				0BCFF0582BCA441B00CDC6E5 /* View */,
			);
			path = SignUpBottomSheet;
			sourceTree = "<group>";
		};
		0BCFF0582BCA441B00CDC6E5 /* View */ = {
			isa = PBXGroup;
			children = (
				0BCFF05C2BCA443A00CDC6E5 /* SignUpBottomSheetView.swift */,
			);
			path = View;
			sourceTree = "<group>";
		};
		0BCFF0592BCA441D00CDC6E5 /* ViewController */ = {
			isa = PBXGroup;
			children = (
				0BCFF0562BCA430500CDC6E5 /* SignUpBottomSheetViewController.swift */,
			);
			path = ViewController;
			sourceTree = "<group>";
		};
		0BCFF05A2BCA442100CDC6E5 /* VIewModel */ = {
			isa = PBXGroup;
			children = (
				0BCFF05E2BCA446D00CDC6E5 /* SignUpBottomSheetViewModel.swift */,
			);
			path = VIewModel;
			sourceTree = "<group>";
		};
		0BCFF0622BCA455300CDC6E5 /* CheckBoxView */ = {
			isa = PBXGroup;
			children = (
				0BCFF0602BCA455000CDC6E5 /* CheckBoxView.swift */,
			);
			path = CheckBoxView;
			sourceTree = "<group>";
		};
		0BCFF0632BCAA57100CDC6E5 /* ProfileSettingScene */ = {
			isa = PBXGroup;
			children = (
				0BCFF0662BCAA58500CDC6E5 /* ViewModel */,
				0BCFF0652BCAA58000CDC6E5 /* ViewController */,
				0BCFF0642BCAA57F00CDC6E5 /* View */,
			);
			path = ProfileSettingScene;
			sourceTree = "<group>";
		};
		0BCFF0642BCAA57F00CDC6E5 /* View */ = {
			isa = PBXGroup;
			children = (
				0BCFF06A2BCAA5C100CDC6E5 /* ProfileSettingView.swift */,
			);
			path = View;
			sourceTree = "<group>";
		};
		0BCFF0652BCAA58000CDC6E5 /* ViewController */ = {
			isa = PBXGroup;
			children = (
				0BCFF0682BCAA5B400CDC6E5 /* ProfileSettingViewController.swift */,
			);
			path = ViewController;
			sourceTree = "<group>";
		};
		0BCFF0662BCAA58500CDC6E5 /* ViewModel */ = {
			isa = PBXGroup;
			children = (
				0BCFF06C2BCAA5D000CDC6E5 /* ProfileSettingViewModel.swift */,
			);
			path = ViewModel;
			sourceTree = "<group>";
		};
		0BCFF06E2BCAA5FD00CDC6E5 /* SignUpCompleteScene */ = {
			isa = PBXGroup;
			children = (
				0BCFF0712BCAA61100CDC6E5 /* ViewModel */,
				0BCFF0702BCAA60D00CDC6E5 /* ViewController */,
				0BCFF06F2BCAA60B00CDC6E5 /* View */,
			);
			path = SignUpCompleteScene;
			sourceTree = "<group>";
		};
		0BCFF06F2BCAA60B00CDC6E5 /* View */ = {
			isa = PBXGroup;
			children = (
				0BCFF0762BCAA68000CDC6E5 /* SignUpCompleteView.swift */,
			);
			path = View;
			sourceTree = "<group>";
		};
		0BCFF0702BCAA60D00CDC6E5 /* ViewController */ = {
			isa = PBXGroup;
			children = (
				0BCFF0722BCAA62C00CDC6E5 /* SignUpViewCompleteViewController.swift */,
			);
			path = ViewController;
			sourceTree = "<group>";
		};
		0BCFF0712BCAA61100CDC6E5 /* ViewModel */ = {
			isa = PBXGroup;
			children = (
				0BCFF0742BCAA66600CDC6E5 /* SignUpViewCompleteViewModel.swift */,
			);
			path = ViewModel;
			sourceTree = "<group>";
		};
		0BCFF07A2BCAAAA200CDC6E5 /* Router */ = {
			isa = PBXGroup;
			children = (
				0BCFF07B2BCAAAA900CDC6E5 /* Router.swift */,
			);
			path = Router;
			sourceTree = "<group>";
		};
		0BCFF07D2BCAAC8900CDC6E5 /* Model */ = {
			isa = PBXGroup;
			children = (
				0BCFF07F2BCAAC9400CDC6E5 /* Decoding */,
				0BCFF07E2BCAAC8F00CDC6E5 /* Encoding */,
			);
			path = Model;
			sourceTree = "<group>";
		};
		0BCFF07E2BCAAC8F00CDC6E5 /* Encoding */ = {
			isa = PBXGroup;
			children = (
				0BCFF0802BCAAC9B00CDC6E5 /* LoginRequestModel.swift */,
			);
			path = Encoding;
			sourceTree = "<group>";
		};
		0BCFF07F2BCAAC9400CDC6E5 /* Decoding */ = {
			isa = PBXGroup;
			children = (
				0BCFF0822BCAADE300CDC6E5 /* LoginResultModel.swift */,
			);
			path = Decoding;
			sourceTree = "<group>";
		};
		0BDE9FDB2BC76EE100289075 /* CodeView */ = {
			isa = PBXGroup;
			children = (
				0BDE9FDC2BC76EF100289075 /* CodeView.swift */,
			);
			path = CodeView;
			sourceTree = "<group>";
		};
		0BDE9FDE2BC811BB00289075 /* View */ = {
			isa = PBXGroup;
			children = (
				0BDE9FEC2BC8126D00289075 /* SignInView.swift */,
			);
			path = View;
			sourceTree = "<group>";
		};
		0BDE9FDF2BC811C200289075 /* ViewController */ = {
			isa = PBXGroup;
			children = (
				0BDE9FE12BC811D600289075 /* SignInViewController.swift */,
			);
			path = ViewController;
			sourceTree = "<group>";
		};
		0BDE9FE02BC811C600289075 /* ViewModel */ = {
			isa = PBXGroup;
			children = (
				0BDE9FEE2BC812AB00289075 /* SignInViewModel.swift */,
			);
			path = ViewModel;
			sourceTree = "<group>";
		};
		0BDE9FE72BC8120D00289075 /* Base */ = {
			isa = PBXGroup;
			children = (
				0BDE9FE32BC8120D00289075 /* BaseCollectionViewCell.swift */,
				0BDE9FE42BC8120D00289075 /* BaseTableViewCell.swift */,
				0BDE9FE52BC8120D00289075 /* BaseUIView.swift */,
				0BDE9FE62BC8120D00289075 /* BaseViewController.swift */,
			);
			path = Base;
			sourceTree = "<group>";
		};
		0BDE9FF02BC8269900289075 /* View */ = {
			isa = PBXGroup;
			children = (
				0BDE9FF62BC826B900289075 /* SignUpView.swift */,
			);
			path = View;
			sourceTree = "<group>";
		};
		0BDE9FF12BC8269C00289075 /* ViewController */ = {
			isa = PBXGroup;
			children = (
				0BDE9FF32BC826AD00289075 /* SignUpViewController.swift */,
			);
			path = ViewController;
			sourceTree = "<group>";
		};
		0BDE9FF22BC826A100289075 /* ViewModel */ = {
			isa = PBXGroup;
			children = (
				0BDE9FF82BC826C300289075 /* SignUpViewModel.swift */,
			);
			path = ViewModel;
			sourceTree = "<group>";
		};
		0BDE9FFD2BC8296300289075 /* View */ = {
			isa = PBXGroup;
			children = (
				0B5B4DEF2BCBBD3E00F0F8E4 /* SignUpLabelsView */,
				0BCFF0622BCA455300CDC6E5 /* CheckBoxView */,
				0BDEA0002BC8299300289075 /* SignUpTextFieldView */,
				0BDE9FDB2BC76EE100289075 /* CodeView */,
			);
			path = View;
			sourceTree = "<group>";
		};
		0BDEA0002BC8299300289075 /* SignUpTextFieldView */ = {
			isa = PBXGroup;
			children = (
				0BDE9FFE2BC8298000289075 /* SignUpTextField.swift */,
			);
			path = SignUpTextFieldView;
			sourceTree = "<group>";
		};
/* End PBXGroup section */

/* Begin PBXNativeTarget section */
		0B019D732BC6BB8600E89BB4 /* WhyIsn'tWorking */ = {
			isa = PBXNativeTarget;
			buildConfigurationList = 0B019D882BC6BB8900E89BB4 /* Build configuration list for PBXNativeTarget "WhyIsn'tWorking" */;
			buildPhases = (
				0B019D702BC6BB8600E89BB4 /* Sources */,
				0B019D712BC6BB8600E89BB4 /* Frameworks */,
				0B019D722BC6BB8600E89BB4 /* Resources */,
			);
			buildRules = (
			);
			dependencies = (
			);
			name = "WhyIsn'tWorking";
			packageProductDependencies = (
				0B019D8C2BC6BB9D00E89BB4 /* Splash */,
				0B019D8F2BC6BBA400E89BB4 /* MarkdownUI */,
				0B019D922BC6BBB900E89BB4 /* Alamofire */,
				0B019D952BC6BBC700E89BB4 /* Toast */,
				0B019D982BC6BBCF00E89BB4 /* Kingfisher */,
				0B019D9B2BC6BBE100E89BB4 /* RxCocoa */,
				0B019D9D2BC6BBE100E89BB4 /* RxSwift */,
				0B019DA02BC6BC3F00E89BB4 /* Realm */,
				0B019DA22BC6BC3F00E89BB4 /* RealmSwift */,
				0B019DA52BC6BC5100E89BB4 /* SnapKit */,
				0BDE9FFB2BC8279500289075 /* TextFieldEffects */,
			);
			productName = "WhyIsn'tWorking";
			productReference = 0B019D742BC6BB8600E89BB4 /* WhyIsn'tWorking.app */;
			productType = "com.apple.product-type.application";
		};
/* End PBXNativeTarget section */

/* Begin PBXProject section */
		0B019D6C2BC6BB8600E89BB4 /* Project object */ = {
			isa = PBXProject;
			attributes = {
				BuildIndependentTargetsInParallel = 1;
				LastSwiftUpdateCheck = 1530;
				LastUpgradeCheck = 1530;
				TargetAttributes = {
					0B019D732BC6BB8600E89BB4 = {
						CreatedOnToolsVersion = 15.3;
					};
				};
			};
			buildConfigurationList = 0B019D6F2BC6BB8600E89BB4 /* Build configuration list for PBXProject "WhyIsn'tWorking" */;
			compatibilityVersion = "Xcode 14.0";
			developmentRegion = en;
			hasScannedForEncodings = 0;
			knownRegions = (
				en,
				Base,
			);
			mainGroup = 0B019D6B2BC6BB8600E89BB4;
			packageReferences = (
				0B019D8B2BC6BB9D00E89BB4 /* XCRemoteSwiftPackageReference "Splash" */,
				0B019D8E2BC6BBA400E89BB4 /* XCRemoteSwiftPackageReference "swift-markdown-ui" */,
				0B019D912BC6BBB900E89BB4 /* XCRemoteSwiftPackageReference "Alamofire" */,
				0B019D942BC6BBC700E89BB4 /* XCRemoteSwiftPackageReference "Toast-Swift" */,
				0B019D972BC6BBCF00E89BB4 /* XCRemoteSwiftPackageReference "Kingfisher" */,
				0B019D9A2BC6BBE100E89BB4 /* XCRemoteSwiftPackageReference "RxSwift" */,
				0B019D9F2BC6BC3F00E89BB4 /* XCRemoteSwiftPackageReference "realm-swift" */,
				0B019DA42BC6BC5100E89BB4 /* XCRemoteSwiftPackageReference "SnapKit" */,
				0BDE9FFA2BC8279500289075 /* XCRemoteSwiftPackageReference "TextFieldEffects" */,
			);
			productRefGroup = 0B019D752BC6BB8600E89BB4 /* Products */;
			projectDirPath = "";
			projectRoot = "";
			targets = (
				0B019D732BC6BB8600E89BB4 /* WhyIsn'tWorking */,
			);
		};
/* End PBXProject section */

/* Begin PBXResourcesBuildPhase section */
		0B019D722BC6BB8600E89BB4 /* Resources */ = {
			isa = PBXResourcesBuildPhase;
			buildActionMask = 2147483647;
			files = (
				0B019D812BC6BB8900E89BB4 /* Assets.xcassets in Resources */,
				0B019DBF2BC6CC5200E89BB4 /* .gitignore in Resources */,
				0B019D842BC6BB8900E89BB4 /* Base in Resources */,
			);
			runOnlyForDeploymentPostprocessing = 0;
		};
/* End PBXResourcesBuildPhase section */

/* Begin PBXSourcesBuildPhase section */
		0B019D702BC6BB8600E89BB4 /* Sources */ = {
			isa = PBXSourcesBuildPhase;
			buildActionMask = 2147483647;
			files = (
				0B019DB82BC6CC0300E89BB4 /* HTTPHeader.swift in Sources */,
				0B019DC42BC6CCEA00E89BB4 /* DeleteBackButton+Extension.swift in Sources */,
				0BDE9FDD2BC76EF100289075 /* CodeView.swift in Sources */,
				0B5B4DF12BCBBD4E00F0F8E4 /* SignUpLabelsView.swift in Sources */,
				0BDE9FF72BC826B900289075 /* SignUpView.swift in Sources */,
				0BCFF0752BCAA66600CDC6E5 /* SignUpViewCompleteViewModel.swift in Sources */,
				0BDE9FE92BC8120E00289075 /* BaseTableViewCell.swift in Sources */,
				0BDE9FEB2BC8120E00289075 /* BaseViewController.swift in Sources */,
				0BDE9FF42BC826AD00289075 /* SignUpViewController.swift in Sources */,
				0B019D782BC6BB8600E89BB4 /* AppDelegate.swift in Sources */,
				0B019DBD2BC6CC3300E89BB4 /* ReusableID.swift in Sources */,
				0BCFF0572BCA430500CDC6E5 /* SignUpBottomSheetViewController.swift in Sources */,
				0BDE9FEF2BC812AB00289075 /* SignInViewModel.swift in Sources */,
				0BCFF0792BCAA9CD00CDC6E5 /* TargetType.swift in Sources */,
				0BCFF0612BCA455000CDC6E5 /* CheckBoxView.swift in Sources */,
				0B019D7A2BC6BB8600E89BB4 /* SceneDelegate.swift in Sources */,
				0BDE9FE82BC8120E00289075 /* BaseCollectionViewCell.swift in Sources */,
				0BCFF0832BCAADE300CDC6E5 /* LoginResultModel.swift in Sources */,
				0B019DBA2BC6CC0300E89BB4 /* NetworkManager.swift in Sources */,
				0B019DC22BC6CC9200E89BB4 /* APIKeyPublic.swift in Sources */,
				0BCFF0692BCAA5B400CDC6E5 /* ProfileSettingViewController.swift in Sources */,
				0BDE9FEA2BC8120E00289075 /* BaseUIView.swift in Sources */,
				0BCFF06D2BCAA5D000CDC6E5 /* ProfileSettingViewModel.swift in Sources */,
				0B019DC62BC6CCED00E89BB4 /* UserDefaults+Extension.swift in Sources */,
				0BDE9FED2BC8126D00289075 /* SignInView.swift in Sources */,
				0BCFF06B2BCAA5C100CDC6E5 /* ProfileSettingView.swift in Sources */,
				0BCFF0812BCAAC9B00CDC6E5 /* LoginRequestModel.swift in Sources */,
				0BCFF07C2BCAAAA900CDC6E5 /* Router.swift in Sources */,
				0BCFF0732BCAA62C00CDC6E5 /* SignUpViewCompleteViewController.swift in Sources */,
				0BCFF0772BCAA68000CDC6E5 /* SignUpCompleteView.swift in Sources */,
				0BCFF05D2BCA443A00CDC6E5 /* SignUpBottomSheetView.swift in Sources */,
				0BDE9FE22BC811D600289075 /* SignInViewController.swift in Sources */,
				0BDE9FFF2BC8298000289075 /* SignUpTextField.swift in Sources */,
				0B019DAC2BC6BCBA00E89BB4 /* InputOutputViewModelProtocol.swift in Sources */,
				0BDE9FF92BC826C300289075 /* SignUpViewModel.swift in Sources */,
				0B019DB72BC6CC0300E89BB4 /* APIKey.swift in Sources */,
				0BCFF05F2BCA446D00CDC6E5 /* SignUpBottomSheetViewModel.swift in Sources */,
				0B019DC82BC6CD0000E89BB4 /* KeyChain+Extension.swift in Sources */,
			);
			runOnlyForDeploymentPostprocessing = 0;
		};
/* End PBXSourcesBuildPhase section */

/* Begin PBXVariantGroup section */
		0B019D822BC6BB8900E89BB4 /* LaunchScreen.storyboard */ = {
			isa = PBXVariantGroup;
			children = (
				0B019D832BC6BB8900E89BB4 /* Base */,
			);
			name = LaunchScreen.storyboard;
			sourceTree = "<group>";
		};
/* End PBXVariantGroup section */

/* Begin XCBuildConfiguration section */
		0B019D862BC6BB8900E89BB4 /* Debug */ = {
			isa = XCBuildConfiguration;
			buildSettings = {
				ALWAYS_SEARCH_USER_PATHS = NO;
				ASSETCATALOG_COMPILER_GENERATE_SWIFT_ASSET_SYMBOL_EXTENSIONS = YES;
				CLANG_ANALYZER_NONNULL = YES;
				CLANG_ANALYZER_NUMBER_OBJECT_CONVERSION = YES_AGGRESSIVE;
				CLANG_CXX_LANGUAGE_STANDARD = "gnu++20";
				CLANG_ENABLE_MODULES = YES;
				CLANG_ENABLE_OBJC_ARC = YES;
				CLANG_ENABLE_OBJC_WEAK = YES;
				CLANG_WARN_BLOCK_CAPTURE_AUTORELEASING = YES;
				CLANG_WARN_BOOL_CONVERSION = YES;
				CLANG_WARN_COMMA = YES;
				CLANG_WARN_CONSTANT_CONVERSION = YES;
				CLANG_WARN_DEPRECATED_OBJC_IMPLEMENTATIONS = YES;
				CLANG_WARN_DIRECT_OBJC_ISA_USAGE = YES_ERROR;
				CLANG_WARN_DOCUMENTATION_COMMENTS = YES;
				CLANG_WARN_EMPTY_BODY = YES;
				CLANG_WARN_ENUM_CONVERSION = YES;
				CLANG_WARN_INFINITE_RECURSION = YES;
				CLANG_WARN_INT_CONVERSION = YES;
				CLANG_WARN_NON_LITERAL_NULL_CONVERSION = YES;
				CLANG_WARN_OBJC_IMPLICIT_RETAIN_SELF = YES;
				CLANG_WARN_OBJC_LITERAL_CONVERSION = YES;
				CLANG_WARN_OBJC_ROOT_CLASS = YES_ERROR;
				CLANG_WARN_QUOTED_INCLUDE_IN_FRAMEWORK_HEADER = YES;
				CLANG_WARN_RANGE_LOOP_ANALYSIS = YES;
				CLANG_WARN_STRICT_PROTOTYPES = YES;
				CLANG_WARN_SUSPICIOUS_MOVE = YES;
				CLANG_WARN_UNGUARDED_AVAILABILITY = YES_AGGRESSIVE;
				CLANG_WARN_UNREACHABLE_CODE = YES;
				CLANG_WARN__DUPLICATE_METHOD_MATCH = YES;
				COPY_PHASE_STRIP = NO;
				DEBUG_INFORMATION_FORMAT = dwarf;
				ENABLE_STRICT_OBJC_MSGSEND = YES;
				ENABLE_TESTABILITY = YES;
				ENABLE_USER_SCRIPT_SANDBOXING = YES;
				GCC_C_LANGUAGE_STANDARD = gnu17;
				GCC_DYNAMIC_NO_PIC = NO;
				GCC_NO_COMMON_BLOCKS = YES;
				GCC_OPTIMIZATION_LEVEL = 0;
				GCC_PREPROCESSOR_DEFINITIONS = (
					"DEBUG=1",
					"$(inherited)",
				);
				GCC_WARN_64_TO_32_BIT_CONVERSION = YES;
				GCC_WARN_ABOUT_RETURN_TYPE = YES_ERROR;
				GCC_WARN_UNDECLARED_SELECTOR = YES;
				GCC_WARN_UNINITIALIZED_AUTOS = YES_AGGRESSIVE;
				GCC_WARN_UNUSED_FUNCTION = YES;
				GCC_WARN_UNUSED_VARIABLE = YES;
				IPHONEOS_DEPLOYMENT_TARGET = 17.4;
				LOCALIZATION_PREFERS_STRING_CATALOGS = YES;
				MTL_ENABLE_DEBUG_INFO = INCLUDE_SOURCE;
				MTL_FAST_MATH = YES;
				ONLY_ACTIVE_ARCH = YES;
				SDKROOT = iphoneos;
				SWIFT_ACTIVE_COMPILATION_CONDITIONS = "DEBUG $(inherited)";
				SWIFT_OPTIMIZATION_LEVEL = "-Onone";
			};
			name = Debug;
		};
		0B019D872BC6BB8900E89BB4 /* Release */ = {
			isa = XCBuildConfiguration;
			buildSettings = {
				ALWAYS_SEARCH_USER_PATHS = NO;
				ASSETCATALOG_COMPILER_GENERATE_SWIFT_ASSET_SYMBOL_EXTENSIONS = YES;
				CLANG_ANALYZER_NONNULL = YES;
				CLANG_ANALYZER_NUMBER_OBJECT_CONVERSION = YES_AGGRESSIVE;
				CLANG_CXX_LANGUAGE_STANDARD = "gnu++20";
				CLANG_ENABLE_MODULES = YES;
				CLANG_ENABLE_OBJC_ARC = YES;
				CLANG_ENABLE_OBJC_WEAK = YES;
				CLANG_WARN_BLOCK_CAPTURE_AUTORELEASING = YES;
				CLANG_WARN_BOOL_CONVERSION = YES;
				CLANG_WARN_COMMA = YES;
				CLANG_WARN_CONSTANT_CONVERSION = YES;
				CLANG_WARN_DEPRECATED_OBJC_IMPLEMENTATIONS = YES;
				CLANG_WARN_DIRECT_OBJC_ISA_USAGE = YES_ERROR;
				CLANG_WARN_DOCUMENTATION_COMMENTS = YES;
				CLANG_WARN_EMPTY_BODY = YES;
				CLANG_WARN_ENUM_CONVERSION = YES;
				CLANG_WARN_INFINITE_RECURSION = YES;
				CLANG_WARN_INT_CONVERSION = YES;
				CLANG_WARN_NON_LITERAL_NULL_CONVERSION = YES;
				CLANG_WARN_OBJC_IMPLICIT_RETAIN_SELF = YES;
				CLANG_WARN_OBJC_LITERAL_CONVERSION = YES;
				CLANG_WARN_OBJC_ROOT_CLASS = YES_ERROR;
				CLANG_WARN_QUOTED_INCLUDE_IN_FRAMEWORK_HEADER = YES;
				CLANG_WARN_RANGE_LOOP_ANALYSIS = YES;
				CLANG_WARN_STRICT_PROTOTYPES = YES;
				CLANG_WARN_SUSPICIOUS_MOVE = YES;
				CLANG_WARN_UNGUARDED_AVAILABILITY = YES_AGGRESSIVE;
				CLANG_WARN_UNREACHABLE_CODE = YES;
				CLANG_WARN__DUPLICATE_METHOD_MATCH = YES;
				COPY_PHASE_STRIP = NO;
				DEBUG_INFORMATION_FORMAT = "dwarf-with-dsym";
				ENABLE_NS_ASSERTIONS = NO;
				ENABLE_STRICT_OBJC_MSGSEND = YES;
				ENABLE_USER_SCRIPT_SANDBOXING = YES;
				GCC_C_LANGUAGE_STANDARD = gnu17;
				GCC_NO_COMMON_BLOCKS = YES;
				GCC_WARN_64_TO_32_BIT_CONVERSION = YES;
				GCC_WARN_ABOUT_RETURN_TYPE = YES_ERROR;
				GCC_WARN_UNDECLARED_SELECTOR = YES;
				GCC_WARN_UNINITIALIZED_AUTOS = YES_AGGRESSIVE;
				GCC_WARN_UNUSED_FUNCTION = YES;
				GCC_WARN_UNUSED_VARIABLE = YES;
				IPHONEOS_DEPLOYMENT_TARGET = 17.4;
				LOCALIZATION_PREFERS_STRING_CATALOGS = YES;
				MTL_ENABLE_DEBUG_INFO = NO;
				MTL_FAST_MATH = YES;
				SDKROOT = iphoneos;
				SWIFT_COMPILATION_MODE = wholemodule;
				VALIDATE_PRODUCT = YES;
			};
			name = Release;
		};
		0B019D892BC6BB8900E89BB4 /* Debug */ = {
			isa = XCBuildConfiguration;
			buildSettings = {
				ASSETCATALOG_COMPILER_APPICON_NAME = AppIcon;
				ASSETCATALOG_COMPILER_GLOBAL_ACCENT_COLOR_NAME = AccentColor;
				CODE_SIGN_STYLE = Automatic;
				CURRENT_PROJECT_VERSION = 1;
				DEVELOPMENT_TEAM = Y7F2ZW9QG3;
				GENERATE_INFOPLIST_FILE = YES;
				INFOPLIST_FILE = "WhyIsn'tWorking/Info.plist";
				INFOPLIST_KEY_UIApplicationSupportsIndirectInputEvents = YES;
				INFOPLIST_KEY_UILaunchStoryboardName = LaunchScreen;
				INFOPLIST_KEY_UISupportedInterfaceOrientations_iPad = "UIInterfaceOrientationPortrait UIInterfaceOrientationPortraitUpsideDown UIInterfaceOrientationLandscapeLeft UIInterfaceOrientationLandscapeRight";
				INFOPLIST_KEY_UISupportedInterfaceOrientations_iPhone = "UIInterfaceOrientationPortrait UIInterfaceOrientationLandscapeLeft UIInterfaceOrientationLandscapeRight";
				IPHONEOS_DEPLOYMENT_TARGET = 17.0;
				LD_RUNPATH_SEARCH_PATHS = (
					"$(inherited)",
					"@executable_path/Frameworks",
				);
				MARKETING_VERSION = 1.0;
				PRODUCT_BUNDLE_IDENTIFIER = "Yoo.WhyIsn-tWorking";
				PRODUCT_NAME = "$(TARGET_NAME)";
				SUPPORTED_PLATFORMS = "iphoneos iphonesimulator";
				SUPPORTS_MACCATALYST = NO;
				SUPPORTS_MAC_DESIGNED_FOR_IPHONE_IPAD = NO;
				SUPPORTS_XR_DESIGNED_FOR_IPHONE_IPAD = NO;
				SWIFT_EMIT_LOC_STRINGS = YES;
				SWIFT_VERSION = 5.0;
				TARGETED_DEVICE_FAMILY = 1;
			};
			name = Debug;
		};
		0B019D8A2BC6BB8900E89BB4 /* Release */ = {
			isa = XCBuildConfiguration;
			buildSettings = {
				ASSETCATALOG_COMPILER_APPICON_NAME = AppIcon;
				ASSETCATALOG_COMPILER_GLOBAL_ACCENT_COLOR_NAME = AccentColor;
				CODE_SIGN_STYLE = Automatic;
				CURRENT_PROJECT_VERSION = 1;
				DEVELOPMENT_TEAM = Y7F2ZW9QG3;
				GENERATE_INFOPLIST_FILE = YES;
				INFOPLIST_FILE = "WhyIsn'tWorking/Info.plist";
				INFOPLIST_KEY_UIApplicationSupportsIndirectInputEvents = YES;
				INFOPLIST_KEY_UILaunchStoryboardName = LaunchScreen;
				INFOPLIST_KEY_UISupportedInterfaceOrientations_iPad = "UIInterfaceOrientationPortrait UIInterfaceOrientationPortraitUpsideDown UIInterfaceOrientationLandscapeLeft UIInterfaceOrientationLandscapeRight";
				INFOPLIST_KEY_UISupportedInterfaceOrientations_iPhone = "UIInterfaceOrientationPortrait UIInterfaceOrientationLandscapeLeft UIInterfaceOrientationLandscapeRight";
				IPHONEOS_DEPLOYMENT_TARGET = 17.0;
				LD_RUNPATH_SEARCH_PATHS = (
					"$(inherited)",
					"@executable_path/Frameworks",
				);
				MARKETING_VERSION = 1.0;
				PRODUCT_BUNDLE_IDENTIFIER = "Yoo.WhyIsn-tWorking";
				PRODUCT_NAME = "$(TARGET_NAME)";
				SUPPORTED_PLATFORMS = "iphoneos iphonesimulator";
				SUPPORTS_MACCATALYST = NO;
				SUPPORTS_MAC_DESIGNED_FOR_IPHONE_IPAD = NO;
				SUPPORTS_XR_DESIGNED_FOR_IPHONE_IPAD = NO;
				SWIFT_EMIT_LOC_STRINGS = YES;
				SWIFT_VERSION = 5.0;
				TARGETED_DEVICE_FAMILY = 1;
			};
			name = Release;
		};
/* End XCBuildConfiguration section */

/* Begin XCConfigurationList section */
		0B019D6F2BC6BB8600E89BB4 /* Build configuration list for PBXProject "WhyIsn'tWorking" */ = {
			isa = XCConfigurationList;
			buildConfigurations = (
				0B019D862BC6BB8900E89BB4 /* Debug */,
				0B019D872BC6BB8900E89BB4 /* Release */,
			);
			defaultConfigurationIsVisible = 0;
			defaultConfigurationName = Release;
		};
		0B019D882BC6BB8900E89BB4 /* Build configuration list for PBXNativeTarget "WhyIsn'tWorking" */ = {
			isa = XCConfigurationList;
			buildConfigurations = (
				0B019D892BC6BB8900E89BB4 /* Debug */,
				0B019D8A2BC6BB8900E89BB4 /* Release */,
			);
			defaultConfigurationIsVisible = 0;
			defaultConfigurationName = Release;
		};
/* End XCConfigurationList section */

/* Begin XCRemoteSwiftPackageReference section */
		0B019D8B2BC6BB9D00E89BB4 /* XCRemoteSwiftPackageReference "Splash" */ = {
			isa = XCRemoteSwiftPackageReference;
			repositoryURL = "https://github.com/JohnSundell/Splash.git";
			requirement = {
				kind = upToNextMajorVersion;
				minimumVersion = 0.16.0;
			};
		};
		0B019D8E2BC6BBA400E89BB4 /* XCRemoteSwiftPackageReference "swift-markdown-ui" */ = {
			isa = XCRemoteSwiftPackageReference;
			repositoryURL = "https://github.com/gonzalezreal/swift-markdown-ui.git";
			requirement = {
				kind = upToNextMajorVersion;
				minimumVersion = 2.3.0;
			};
		};
		0B019D912BC6BBB900E89BB4 /* XCRemoteSwiftPackageReference "Alamofire" */ = {
			isa = XCRemoteSwiftPackageReference;
			repositoryURL = "https://github.com/Alamofire/Alamofire";
			requirement = {
				kind = upToNextMajorVersion;
				minimumVersion = 5.9.1;
			};
		};
		0B019D942BC6BBC700E89BB4 /* XCRemoteSwiftPackageReference "Toast-Swift" */ = {
			isa = XCRemoteSwiftPackageReference;
			repositoryURL = "https://github.com/scalessec/Toast-Swift.git";
			requirement = {
				kind = upToNextMajorVersion;
				minimumVersion = 5.1.1;
			};
		};
		0B019D972BC6BBCF00E89BB4 /* XCRemoteSwiftPackageReference "Kingfisher" */ = {
			isa = XCRemoteSwiftPackageReference;
			repositoryURL = "https://github.com/onevcat/Kingfisher.git";
			requirement = {
				kind = upToNextMajorVersion;
				minimumVersion = 7.11.0;
			};
		};
		0B019D9A2BC6BBE100E89BB4 /* XCRemoteSwiftPackageReference "RxSwift" */ = {
			isa = XCRemoteSwiftPackageReference;
			repositoryURL = "https://github.com/ReactiveX/RxSwift.git";
			requirement = {
				kind = upToNextMajorVersion;
				minimumVersion = 6.6.0;
			};
		};
		0B019D9F2BC6BC3F00E89BB4 /* XCRemoteSwiftPackageReference "realm-swift" */ = {
			isa = XCRemoteSwiftPackageReference;
			repositoryURL = "https://github.com/realm/realm-swift.git";
			requirement = {
				kind = upToNextMajorVersion;
				minimumVersion = 10.49.1;
			};
		};
		0B019DA42BC6BC5100E89BB4 /* XCRemoteSwiftPackageReference "SnapKit" */ = {
			isa = XCRemoteSwiftPackageReference;
			repositoryURL = "https://github.com/SnapKit/SnapKit.git";
			requirement = {
				kind = upToNextMajorVersion;
				minimumVersion = 5.7.1;
			};
		};
		0BDE9FFA2BC8279500289075 /* XCRemoteSwiftPackageReference "TextFieldEffects" */ = {
			isa = XCRemoteSwiftPackageReference;
			repositoryURL = "https://github.com/raulriera/TextFieldEffects.git";
			requirement = {
				kind = upToNextMajorVersion;
				minimumVersion = 1.7.0;
			};
		};
/* End XCRemoteSwiftPackageReference section */

/* Begin XCSwiftPackageProductDependency section */
		0B019D8C2BC6BB9D00E89BB4 /* Splash */ = {
			isa = XCSwiftPackageProductDependency;
			package = 0B019D8B2BC6BB9D00E89BB4 /* XCRemoteSwiftPackageReference "Splash" */;
			productName = Splash;
		};
		0B019D8F2BC6BBA400E89BB4 /* MarkdownUI */ = {
			isa = XCSwiftPackageProductDependency;
			package = 0B019D8E2BC6BBA400E89BB4 /* XCRemoteSwiftPackageReference "swift-markdown-ui" */;
			productName = MarkdownUI;
		};
		0B019D922BC6BBB900E89BB4 /* Alamofire */ = {
			isa = XCSwiftPackageProductDependency;
			package = 0B019D912BC6BBB900E89BB4 /* XCRemoteSwiftPackageReference "Alamofire" */;
			productName = Alamofire;
		};
		0B019D952BC6BBC700E89BB4 /* Toast */ = {
			isa = XCSwiftPackageProductDependency;
			package = 0B019D942BC6BBC700E89BB4 /* XCRemoteSwiftPackageReference "Toast-Swift" */;
			productName = Toast;
		};
		0B019D982BC6BBCF00E89BB4 /* Kingfisher */ = {
			isa = XCSwiftPackageProductDependency;
			package = 0B019D972BC6BBCF00E89BB4 /* XCRemoteSwiftPackageReference "Kingfisher" */;
			productName = Kingfisher;
		};
		0B019D9B2BC6BBE100E89BB4 /* RxCocoa */ = {
			isa = XCSwiftPackageProductDependency;
			package = 0B019D9A2BC6BBE100E89BB4 /* XCRemoteSwiftPackageReference "RxSwift" */;
			productName = RxCocoa;
		};
		0B019D9D2BC6BBE100E89BB4 /* RxSwift */ = {
			isa = XCSwiftPackageProductDependency;
			package = 0B019D9A2BC6BBE100E89BB4 /* XCRemoteSwiftPackageReference "RxSwift" */;
			productName = RxSwift;
		};
		0B019DA02BC6BC3F00E89BB4 /* Realm */ = {
			isa = XCSwiftPackageProductDependency;
			package = 0B019D9F2BC6BC3F00E89BB4 /* XCRemoteSwiftPackageReference "realm-swift" */;
			productName = Realm;
		};
		0B019DA22BC6BC3F00E89BB4 /* RealmSwift */ = {
			isa = XCSwiftPackageProductDependency;
			package = 0B019D9F2BC6BC3F00E89BB4 /* XCRemoteSwiftPackageReference "realm-swift" */;
			productName = RealmSwift;
		};
		0B019DA52BC6BC5100E89BB4 /* SnapKit */ = {
			isa = XCSwiftPackageProductDependency;
			package = 0B019DA42BC6BC5100E89BB4 /* XCRemoteSwiftPackageReference "SnapKit" */;
			productName = SnapKit;
		};
		0BDE9FFB2BC8279500289075 /* TextFieldEffects */ = {
			isa = XCSwiftPackageProductDependency;
			package = 0BDE9FFA2BC8279500289075 /* XCRemoteSwiftPackageReference "TextFieldEffects" */;
			productName = TextFieldEffects;
		};
/* End XCSwiftPackageProductDependency section */
	};
	rootObject = 0B019D6C2BC6BB8600E89BB4 /* Project object */;
}
